// !$*UTF8*$!
{
	archiveVersion = 1;
	classes = {
	};
	objectVersion = 48;
	objects = {

/* Begin PBXBuildFile section */
		55142FA41EF43C9900DF9872 /* AppDelegate.swift in Sources */ = {isa = PBXBuildFile; fileRef = 55142FA31EF43C9900DF9872 /* AppDelegate.swift */; };
		55142FAE1EF43C9900DF9872 /* LaunchScreen.storyboard in Resources */ = {isa = PBXBuildFile; fileRef = 55142FAC1EF43C9900DF9872 /* LaunchScreen.storyboard */; };
		55142FC41EF43C9900DF9872 /* EverestmeterUITests.swift in Sources */ = {isa = PBXBuildFile; fileRef = 55142FC31EF43C9900DF9872 /* EverestmeterUITests.swift */; };
		55142FDF1EF43D2500DF9872 /* EverestmeterCore.framework in Frameworks */ = {isa = PBXBuildFile; fileRef = 55142FD61EF43D2500DF9872 /* EverestmeterCore.framework */; };
		55142FEB1EF43D2500DF9872 /* EverestmeterCore.framework in Frameworks */ = {isa = PBXBuildFile; fileRef = 55142FD61EF43D2500DF9872 /* EverestmeterCore.framework */; };
		55142FEC1EF43D2500DF9872 /* EverestmeterCore.framework in Embed Frameworks */ = {isa = PBXBuildFile; fileRef = 55142FD61EF43D2500DF9872 /* EverestmeterCore.framework */; settings = {ATTRIBUTES = (CodeSignOnCopy, RemoveHeadersOnCopy, ); }; };
		55142FF61EF43FF600DF9872 /* Assets.xcassets in Resources */ = {isa = PBXBuildFile; fileRef = 55142FF51EF43FF600DF9872 /* Assets.xcassets */; };
		55142FF81EF4403500DF9872 /* Main.storyboard in Resources */ = {isa = PBXBuildFile; fileRef = 55142FF71EF4403500DF9872 /* Main.storyboard */; };
		55142FFE1EF4405C00DF9872 /* AltitudeViewController.swift in Sources */ = {isa = PBXBuildFile; fileRef = 55142FFD1EF4405C00DF9872 /* AltitudeViewController.swift */; };
		5514300F1EF4408F00DF9872 /* Altitude.swift in Sources */ = {isa = PBXBuildFile; fileRef = 551430001EF4408F00DF9872 /* Altitude.swift */; };
		551430121EF4408F00DF9872 /* AltitudeDescription.swift in Sources */ = {isa = PBXBuildFile; fileRef = 551430031EF4408F00DF9872 /* AltitudeDescription.swift */; };
		551430151EF4408F00DF9872 /* AltitudeGauge.swift in Sources */ = {isa = PBXBuildFile; fileRef = 551430061EF4408F00DF9872 /* AltitudeGauge.swift */; };
		5514301B1EF4408F00DF9872 /* Pressure.swift in Sources */ = {isa = PBXBuildFile; fileRef = 5514300C1EF4408F00DF9872 /* Pressure.swift */; };
		5514301C1EF4408F00DF9872 /* Double+Power.swift in Sources */ = {isa = PBXBuildFile; fileRef = 5514300D1EF4408F00DF9872 /* Double+Power.swift */; };
		5514301D1EF440B600DF9872 /* AltitudeTests.swift in Sources */ = {isa = PBXBuildFile; fileRef = 551430021EF4408F00DF9872 /* AltitudeTests.swift */; };
		5514301E1EF440B600DF9872 /* AltitudeDescriptionTests.swift in Sources */ = {isa = PBXBuildFile; fileRef = 551430051EF4408F00DF9872 /* AltitudeDescriptionTests.swift */; };
		5514301F1EF440B600DF9872 /* AltitudeGaugeTests.swift in Sources */ = {isa = PBXBuildFile; fileRef = 551430081EF4408F00DF9872 /* AltitudeGaugeTests.swift */; };
		551C424D1F87D9760057A700 /* RemoteBarometer.swift in Sources */ = {isa = PBXBuildFile; fileRef = 551C424C1F87D9760057A700 /* RemoteBarometer.swift */; };
		551C424E1F87D9760057A700 /* RemoteBarometer.swift in Sources */ = {isa = PBXBuildFile; fileRef = 551C424C1F87D9760057A700 /* RemoteBarometer.swift */; };
		551C42501F87E65A0057A700 /* PressureMessage.swift in Sources */ = {isa = PBXBuildFile; fileRef = 551C424F1F87E65A0057A700 /* PressureMessage.swift */; };
		551C42511F87E65A0057A700 /* PressureMessage.swift in Sources */ = {isa = PBXBuildFile; fileRef = 551C424F1F87E65A0057A700 /* PressureMessage.swift */; };
		551C42521F87E65A0057A700 /* PressureMessage.swift in Sources */ = {isa = PBXBuildFile; fileRef = 551C424F1F87E65A0057A700 /* PressureMessage.swift */; };
		551C42541F87E6820057A700 /* PressureMessageTests.swift in Sources */ = {isa = PBXBuildFile; fileRef = 551C42531F87E6820057A700 /* PressureMessageTests.swift */; };
		551C42551F87E6820057A700 /* PressureMessageTests.swift in Sources */ = {isa = PBXBuildFile; fileRef = 551C42531F87E6820057A700 /* PressureMessageTests.swift */; };
		551C42571F87E6BF0057A700 /* Pressure+Equatable.swift in Sources */ = {isa = PBXBuildFile; fileRef = 551C42561F87E6BF0057A700 /* Pressure+Equatable.swift */; };
		551C42581F87E6BF0057A700 /* Pressure+Equatable.swift in Sources */ = {isa = PBXBuildFile; fileRef = 551C42561F87E6BF0057A700 /* Pressure+Equatable.swift */; };
		552EF4F91EFD727A00905CFD /* PressureTests.swift in Sources */ = {isa = PBXBuildFile; fileRef = 552EF4F81EFD727A00905CFD /* PressureTests.swift */; };
		5552D7181F1F968700216796 /* AltitudeDataView.swift in Sources */ = {isa = PBXBuildFile; fileRef = 5552D7171F1F968700216796 /* AltitudeDataView.swift */; };
		5552D71A1F1F96CD00216796 /* ErrorView.swift in Sources */ = {isa = PBXBuildFile; fileRef = 5552D7191F1F96CD00216796 /* ErrorView.swift */; };
		5552D71C1F1F979300216796 /* AltitudeView.swift in Sources */ = {isa = PBXBuildFile; fileRef = 5552D71B1F1F979300216796 /* AltitudeView.swift */; };
		55669F711F7E9D4A00BA7D83 /* Interface.storyboard in Resources */ = {isa = PBXBuildFile; fileRef = 55669F6F1F7E9D4A00BA7D83 /* Interface.storyboard */; };
		55669F731F7E9D4A00BA7D83 /* Assets.xcassets in Resources */ = {isa = PBXBuildFile; fileRef = 55669F721F7E9D4A00BA7D83 /* Assets.xcassets */; };
		55669F7A1F7E9D4A00BA7D83 /* EverestmeterWatchExtension.appex in Embed App Extensions */ = {isa = PBXBuildFile; fileRef = 55669F791F7E9D4A00BA7D83 /* EverestmeterWatchExtension.appex */; settings = {ATTRIBUTES = (RemoveHeadersOnCopy, ); }; };
		55669F891F7E9D4B00BA7D83 /* EverestmeterWatch.app in Embed Watch Content */ = {isa = PBXBuildFile; fileRef = 55669F6D1F7E9D4A00BA7D83 /* EverestmeterWatch.app */; };
		55669F9E1F7EA22E00BA7D83 /* EverestmeterShared.framework in Frameworks */ = {isa = PBXBuildFile; fileRef = 55669F971F7EA22E00BA7D83 /* EverestmeterShared.framework */; };
		55669F9F1F7EA22E00BA7D83 /* EverestmeterShared.framework in Embed Frameworks */ = {isa = PBXBuildFile; fileRef = 55669F971F7EA22E00BA7D83 /* EverestmeterShared.framework */; settings = {ATTRIBUTES = (CodeSignOnCopy, RemoveHeadersOnCopy, ); }; };
		55669FAF1F7EA25800BA7D83 /* EverestmeterWatchShared.framework in Frameworks */ = {isa = PBXBuildFile; fileRef = 55669FA81F7EA25800BA7D83 /* EverestmeterWatchShared.framework */; };
		55669FB01F7EA25800BA7D83 /* EverestmeterWatchShared.framework in Embed Frameworks */ = {isa = PBXBuildFile; fileRef = 55669FA81F7EA25800BA7D83 /* EverestmeterWatchShared.framework */; settings = {ATTRIBUTES = (CodeSignOnCopy, RemoveHeadersOnCopy, ); }; };
		55669FC11F7EA28300BA7D83 /* EverestmeterWatchCore.framework in Frameworks */ = {isa = PBXBuildFile; fileRef = 55669FBA1F7EA28300BA7D83 /* EverestmeterWatchCore.framework */; };
		55669FC21F7EA28300BA7D83 /* EverestmeterWatchCore.framework in Embed Frameworks */ = {isa = PBXBuildFile; fileRef = 55669FBA1F7EA28300BA7D83 /* EverestmeterWatchCore.framework */; settings = {ATTRIBUTES = (CodeSignOnCopy, RemoveHeadersOnCopy, ); }; };
		556BCC191F1CE8F10048F34B /* EverestmeterDesktop.framework in Frameworks */ = {isa = PBXBuildFile; fileRef = 556BCC101F1CE8F10048F34B /* EverestmeterDesktop.framework */; };
		556BCC291F1CEA860048F34B /* Altitude.swift in Sources */ = {isa = PBXBuildFile; fileRef = 551430001EF4408F00DF9872 /* Altitude.swift */; };
		556BCC2A1F1CEA860048F34B /* AltitudeDescription.swift in Sources */ = {isa = PBXBuildFile; fileRef = 551430031EF4408F00DF9872 /* AltitudeDescription.swift */; };
		556BCC2B1F1CEA860048F34B /* AltitudeGauge.swift in Sources */ = {isa = PBXBuildFile; fileRef = 551430061EF4408F00DF9872 /* AltitudeGauge.swift */; };
		556BCC2C1F1CEA860048F34B /* Pressure.swift in Sources */ = {isa = PBXBuildFile; fileRef = 5514300C1EF4408F00DF9872 /* Pressure.swift */; };
		556BCC2D1F1CEA860048F34B /* Double+Power.swift in Sources */ = {isa = PBXBuildFile; fileRef = 5514300D1EF4408F00DF9872 /* Double+Power.swift */; };
		556BCC2E1F1CEA9F0048F34B /* AltitudeTests.swift in Sources */ = {isa = PBXBuildFile; fileRef = 551430021EF4408F00DF9872 /* AltitudeTests.swift */; };
		556BCC2F1F1CEA9F0048F34B /* AltitudeDescriptionTests.swift in Sources */ = {isa = PBXBuildFile; fileRef = 551430051EF4408F00DF9872 /* AltitudeDescriptionTests.swift */; };
		556BCC301F1CEA9F0048F34B /* AltitudeGaugeTests.swift in Sources */ = {isa = PBXBuildFile; fileRef = 551430081EF4408F00DF9872 /* AltitudeGaugeTests.swift */; };
		556BCC311F1CEA9F0048F34B /* PressureTests.swift in Sources */ = {isa = PBXBuildFile; fileRef = 552EF4F81EFD727A00905CFD /* PressureTests.swift */; };
		55D0C4651F7EA6AC00EFEDC4 /* AssetsExtension.xcassets in Resources */ = {isa = PBXBuildFile; fileRef = 55D0C4641F7EA6A700EFEDC4 /* AssetsExtension.xcassets */; };
		55D0C46A1F7EA6E000EFEDC4 /* ComplicationController.swift in Sources */ = {isa = PBXBuildFile; fileRef = 55D0C4681F7EA6DB00EFEDC4 /* ComplicationController.swift */; };
		55D0C46B1F7EA6E000EFEDC4 /* ExtensionDelegate.swift in Sources */ = {isa = PBXBuildFile; fileRef = 55D0C4691F7EA6DB00EFEDC4 /* ExtensionDelegate.swift */; };
		55D0C46C1F7EA6E000EFEDC4 /* InterfaceController.swift in Sources */ = {isa = PBXBuildFile; fileRef = 55D0C4671F7EA6DB00EFEDC4 /* InterfaceController.swift */; };
		55D0C46E1F7EA86D00EFEDC4 /* Barometer.swift in Sources */ = {isa = PBXBuildFile; fileRef = 556BCC321F1CFCE10048F34B /* Barometer.swift */; };
		55D0C46F1F7EA86D00EFEDC4 /* SimulatedBarometer.swift in Sources */ = {isa = PBXBuildFile; fileRef = 553362EE1F28DBCC00C7DF39 /* SimulatedBarometer.swift */; };
		55D0C4701F7EA86D00EFEDC4 /* DeviceBarometer.swift in Sources */ = {isa = PBXBuildFile; fileRef = 553362EC1F28DB5300C7DF39 /* DeviceBarometer.swift */; };
		55D0C4771F7EAD3B00EFEDC4 /* Barometer.swift in Sources */ = {isa = PBXBuildFile; fileRef = 556BCC321F1CFCE10048F34B /* Barometer.swift */; };
		55D0C4781F7EAD3B00EFEDC4 /* DeviceBarometer.swift in Sources */ = {isa = PBXBuildFile; fileRef = 553362EC1F28DB5300C7DF39 /* DeviceBarometer.swift */; };
		55D0C4791F7EAD3B00EFEDC4 /* SimulatedBarometer.swift in Sources */ = {isa = PBXBuildFile; fileRef = 553362EE1F28DBCC00C7DF39 /* SimulatedBarometer.swift */; };
		55E0C8231F8694B3006B1F77 /* Altitude.swift in Sources */ = {isa = PBXBuildFile; fileRef = 551430001EF4408F00DF9872 /* Altitude.swift */; };
		55E0C8251F8694B3006B1F77 /* AltitudeDescription.swift in Sources */ = {isa = PBXBuildFile; fileRef = 551430031EF4408F00DF9872 /* AltitudeDescription.swift */; };
		55E0C8271F8694B3006B1F77 /* AltitudeGauge.swift in Sources */ = {isa = PBXBuildFile; fileRef = 551430061EF4408F00DF9872 /* AltitudeGauge.swift */; };
		55E0C8291F8694B3006B1F77 /* Pressure.swift in Sources */ = {isa = PBXBuildFile; fileRef = 5514300C1EF4408F00DF9872 /* Pressure.swift */; };
		55E0C82B1F8694B3006B1F77 /* Double+Power.swift in Sources */ = {isa = PBXBuildFile; fileRef = 5514300D1EF4408F00DF9872 /* Double+Power.swift */; };
		55E685AE1F20F1540048BB73 /* EverestBottom.png in Resources */ = {isa = PBXBuildFile; fileRef = 55E685AD1F20F1540048BB73 /* EverestBottom.png */; };
		55E685B01F20F15A0048BB73 /* EverestTop.png in Resources */ = {isa = PBXBuildFile; fileRef = 55E685AF1F20F15A0048BB73 /* EverestTop.png */; };
/* End PBXBuildFile section */

/* Begin PBXContainerItemProxy section */
		55142FC01EF43C9900DF9872 /* PBXContainerItemProxy */ = {
			isa = PBXContainerItemProxy;
			containerPortal = 55142F981EF43C9900DF9872 /* Project object */;
			proxyType = 1;
			remoteGlobalIDString = 55142F9F1EF43C9900DF9872;
			remoteInfo = Everestmeter;
		};
		55142FE01EF43D2500DF9872 /* PBXContainerItemProxy */ = {
			isa = PBXContainerItemProxy;
			containerPortal = 55142F981EF43C9900DF9872 /* Project object */;
			proxyType = 1;
			remoteGlobalIDString = 55142FD51EF43D2500DF9872;
			remoteInfo = EverestmeterCore;
		};
		55142FE21EF43D2500DF9872 /* PBXContainerItemProxy */ = {
			isa = PBXContainerItemProxy;
			containerPortal = 55142F981EF43C9900DF9872 /* Project object */;
			proxyType = 1;
			remoteGlobalIDString = 55142F9F1EF43C9900DF9872;
			remoteInfo = Everestmeter;
		};
		55142FE91EF43D2500DF9872 /* PBXContainerItemProxy */ = {
			isa = PBXContainerItemProxy;
			containerPortal = 55142F981EF43C9900DF9872 /* Project object */;
			proxyType = 1;
			remoteGlobalIDString = 55142FD51EF43D2500DF9872;
			remoteInfo = EverestmeterCore;
		};
		55669F7B1F7E9D4A00BA7D83 /* PBXContainerItemProxy */ = {
			isa = PBXContainerItemProxy;
			containerPortal = 55142F981EF43C9900DF9872 /* Project object */;
			proxyType = 1;
			remoteGlobalIDString = 55669F781F7E9D4A00BA7D83;
			remoteInfo = "EverestmeterWatch Extension";
		};
		55669F871F7E9D4B00BA7D83 /* PBXContainerItemProxy */ = {
			isa = PBXContainerItemProxy;
			containerPortal = 55142F981EF43C9900DF9872 /* Project object */;
			proxyType = 1;
			remoteGlobalIDString = 55669F6C1F7E9D4A00BA7D83;
			remoteInfo = EverestmeterWatch;
		};
		55669F9C1F7EA22E00BA7D83 /* PBXContainerItemProxy */ = {
			isa = PBXContainerItemProxy;
			containerPortal = 55142F981EF43C9900DF9872 /* Project object */;
			proxyType = 1;
			remoteGlobalIDString = 55669F961F7EA22E00BA7D83;
			remoteInfo = EverestmeterShared;
		};
		55669FAD1F7EA25800BA7D83 /* PBXContainerItemProxy */ = {
			isa = PBXContainerItemProxy;
			containerPortal = 55142F981EF43C9900DF9872 /* Project object */;
			proxyType = 1;
			remoteGlobalIDString = 55669FA71F7EA25800BA7D83;
			remoteInfo = EverestmeterWatchShared;
		};
		55669FBF1F7EA28300BA7D83 /* PBXContainerItemProxy */ = {
			isa = PBXContainerItemProxy;
			containerPortal = 55142F981EF43C9900DF9872 /* Project object */;
			proxyType = 1;
			remoteGlobalIDString = 55669FB91F7EA28300BA7D83;
			remoteInfo = EverestmeterWatchCore;
		};
		556BCC1A1F1CE8F10048F34B /* PBXContainerItemProxy */ = {
			isa = PBXContainerItemProxy;
			containerPortal = 55142F981EF43C9900DF9872 /* Project object */;
			proxyType = 1;
			remoteGlobalIDString = 556BCC0F1F1CE8F10048F34B;
			remoteInfo = EverestmeterDesktop;
		};
/* End PBXContainerItemProxy section */

/* Begin PBXCopyFilesBuildPhase section */
		55142FF01EF43D2500DF9872 /* Embed Frameworks */ = {
			isa = PBXCopyFilesBuildPhase;
			buildActionMask = 2147483647;
			dstPath = "";
			dstSubfolderSpec = 10;
			files = (
				55669F9F1F7EA22E00BA7D83 /* EverestmeterShared.framework in Embed Frameworks */,
				55142FEC1EF43D2500DF9872 /* EverestmeterCore.framework in Embed Frameworks */,
			);
			name = "Embed Frameworks";
			runOnlyForDeploymentPostprocessing = 0;
		};
		55669F8F1F7E9D4B00BA7D83 /* Embed App Extensions */ = {
			isa = PBXCopyFilesBuildPhase;
			buildActionMask = 2147483647;
			dstPath = "";
			dstSubfolderSpec = 13;
			files = (
				55669F7A1F7E9D4A00BA7D83 /* EverestmeterWatchExtension.appex in Embed App Extensions */,
			);
			name = "Embed App Extensions";
			runOnlyForDeploymentPostprocessing = 0;
		};
		55669F911F7E9D4B00BA7D83 /* Embed Watch Content */ = {
			isa = PBXCopyFilesBuildPhase;
			buildActionMask = 2147483647;
			dstPath = "$(CONTENTS_FOLDER_PATH)/Watch";
			dstSubfolderSpec = 16;
			files = (
				55669F891F7E9D4B00BA7D83 /* EverestmeterWatch.app in Embed Watch Content */,
			);
			name = "Embed Watch Content";
			runOnlyForDeploymentPostprocessing = 0;
		};
		55669FB41F7EA25800BA7D83 /* Embed Frameworks */ = {
			isa = PBXCopyFilesBuildPhase;
			buildActionMask = 2147483647;
			dstPath = "";
			dstSubfolderSpec = 10;
			files = (
				55669FC21F7EA28300BA7D83 /* EverestmeterWatchCore.framework in Embed Frameworks */,
				55669FB01F7EA25800BA7D83 /* EverestmeterWatchShared.framework in Embed Frameworks */,
			);
			name = "Embed Frameworks";
			runOnlyForDeploymentPostprocessing = 0;
		};
/* End PBXCopyFilesBuildPhase section */

/* Begin PBXFileReference section */
		55142FA01EF43C9900DF9872 /* Everestmeter.app */ = {isa = PBXFileReference; explicitFileType = wrapper.application; includeInIndex = 0; path = Everestmeter.app; sourceTree = BUILT_PRODUCTS_DIR; };
		55142FA31EF43C9900DF9872 /* AppDelegate.swift */ = {isa = PBXFileReference; lastKnownFileType = sourcecode.swift; path = AppDelegate.swift; sourceTree = "<group>"; };
		55142FAD1EF43C9900DF9872 /* Base */ = {isa = PBXFileReference; lastKnownFileType = file.storyboard; name = Base; path = Base.lproj/LaunchScreen.storyboard; sourceTree = "<group>"; };
		55142FAF1EF43C9900DF9872 /* Info.plist */ = {isa = PBXFileReference; lastKnownFileType = text.plist.xml; path = Info.plist; sourceTree = "<group>"; };
		55142FBF1EF43C9900DF9872 /* EverestmeterUITests.xctest */ = {isa = PBXFileReference; explicitFileType = wrapper.cfbundle; includeInIndex = 0; path = EverestmeterUITests.xctest; sourceTree = BUILT_PRODUCTS_DIR; };
		55142FC31EF43C9900DF9872 /* EverestmeterUITests.swift */ = {isa = PBXFileReference; lastKnownFileType = sourcecode.swift; path = EverestmeterUITests.swift; sourceTree = "<group>"; };
		55142FC51EF43C9900DF9872 /* Info.plist */ = {isa = PBXFileReference; lastKnownFileType = text.plist.xml; path = Info.plist; sourceTree = "<group>"; };
		55142FD61EF43D2500DF9872 /* EverestmeterCore.framework */ = {isa = PBXFileReference; explicitFileType = wrapper.framework; includeInIndex = 0; path = EverestmeterCore.framework; sourceTree = BUILT_PRODUCTS_DIR; };
		55142FD91EF43D2500DF9872 /* Info.plist */ = {isa = PBXFileReference; lastKnownFileType = text.plist.xml; path = Info.plist; sourceTree = "<group>"; };
		55142FDE1EF43D2500DF9872 /* EverestmeterCoreTests.xctest */ = {isa = PBXFileReference; explicitFileType = wrapper.cfbundle; includeInIndex = 0; path = EverestmeterCoreTests.xctest; sourceTree = BUILT_PRODUCTS_DIR; };
		55142FF41EF43DAA00DF9872 /* InfoTests.plist */ = {isa = PBXFileReference; lastKnownFileType = text.plist.xml; name = InfoTests.plist; path = EverestmeterCore/InfoTests.plist; sourceTree = SOURCE_ROOT; };
		55142FF51EF43FF600DF9872 /* Assets.xcassets */ = {isa = PBXFileReference; lastKnownFileType = folder.assetcatalog; path = Assets.xcassets; sourceTree = "<group>"; };
		55142FF71EF4403500DF9872 /* Main.storyboard */ = {isa = PBXFileReference; fileEncoding = 4; lastKnownFileType = file.storyboard; path = Main.storyboard; sourceTree = "<group>"; };
		55142FFD1EF4405C00DF9872 /* AltitudeViewController.swift */ = {isa = PBXFileReference; fileEncoding = 4; lastKnownFileType = sourcecode.swift; path = AltitudeViewController.swift; sourceTree = "<group>"; };
		551430001EF4408F00DF9872 /* Altitude.swift */ = {isa = PBXFileReference; fileEncoding = 4; lastKnownFileType = sourcecode.swift; path = Altitude.swift; sourceTree = "<group>"; };
		551430021EF4408F00DF9872 /* AltitudeTests.swift */ = {isa = PBXFileReference; fileEncoding = 4; lastKnownFileType = sourcecode.swift; path = AltitudeTests.swift; sourceTree = "<group>"; };
		551430031EF4408F00DF9872 /* AltitudeDescription.swift */ = {isa = PBXFileReference; fileEncoding = 4; lastKnownFileType = sourcecode.swift; path = AltitudeDescription.swift; sourceTree = "<group>"; };
		551430051EF4408F00DF9872 /* AltitudeDescriptionTests.swift */ = {isa = PBXFileReference; fileEncoding = 4; lastKnownFileType = sourcecode.swift; path = AltitudeDescriptionTests.swift; sourceTree = "<group>"; };
		551430061EF4408F00DF9872 /* AltitudeGauge.swift */ = {isa = PBXFileReference; fileEncoding = 4; lastKnownFileType = sourcecode.swift; path = AltitudeGauge.swift; sourceTree = "<group>"; };
		551430081EF4408F00DF9872 /* AltitudeGaugeTests.swift */ = {isa = PBXFileReference; fileEncoding = 4; lastKnownFileType = sourcecode.swift; path = AltitudeGaugeTests.swift; sourceTree = "<group>"; };
		5514300C1EF4408F00DF9872 /* Pressure.swift */ = {isa = PBXFileReference; fileEncoding = 4; lastKnownFileType = sourcecode.swift; path = Pressure.swift; sourceTree = "<group>"; };
		5514300D1EF4408F00DF9872 /* Double+Power.swift */ = {isa = PBXFileReference; fileEncoding = 4; lastKnownFileType = sourcecode.swift; path = "Double+Power.swift"; sourceTree = "<group>"; };
		551C424C1F87D9760057A700 /* RemoteBarometer.swift */ = {isa = PBXFileReference; lastKnownFileType = sourcecode.swift; path = RemoteBarometer.swift; sourceTree = "<group>"; };
		551C424F1F87E65A0057A700 /* PressureMessage.swift */ = {isa = PBXFileReference; lastKnownFileType = sourcecode.swift; path = PressureMessage.swift; sourceTree = "<group>"; };
		551C42531F87E6820057A700 /* PressureMessageTests.swift */ = {isa = PBXFileReference; lastKnownFileType = sourcecode.swift; path = PressureMessageTests.swift; sourceTree = "<group>"; };
		551C42561F87E6BF0057A700 /* Pressure+Equatable.swift */ = {isa = PBXFileReference; lastKnownFileType = sourcecode.swift; path = "Pressure+Equatable.swift"; sourceTree = "<group>"; };
		552EF4F81EFD727A00905CFD /* PressureTests.swift */ = {isa = PBXFileReference; fileEncoding = 4; lastKnownFileType = sourcecode.swift; path = PressureTests.swift; sourceTree = "<group>"; };
		553362EC1F28DB5300C7DF39 /* DeviceBarometer.swift */ = {isa = PBXFileReference; fileEncoding = 4; lastKnownFileType = sourcecode.swift; path = DeviceBarometer.swift; sourceTree = "<group>"; };
		553362EE1F28DBCC00C7DF39 /* SimulatedBarometer.swift */ = {isa = PBXFileReference; fileEncoding = 4; lastKnownFileType = sourcecode.swift; path = SimulatedBarometer.swift; sourceTree = "<group>"; };
		5552D7171F1F968700216796 /* AltitudeDataView.swift */ = {isa = PBXFileReference; fileEncoding = 4; lastKnownFileType = sourcecode.swift; path = AltitudeDataView.swift; sourceTree = "<group>"; };
		5552D7191F1F96CD00216796 /* ErrorView.swift */ = {isa = PBXFileReference; fileEncoding = 4; lastKnownFileType = sourcecode.swift; path = ErrorView.swift; sourceTree = "<group>"; };
		5552D71B1F1F979300216796 /* AltitudeView.swift */ = {isa = PBXFileReference; fileEncoding = 4; lastKnownFileType = sourcecode.swift; path = AltitudeView.swift; sourceTree = "<group>"; };
		55669F6D1F7E9D4A00BA7D83 /* EverestmeterWatch.app */ = {isa = PBXFileReference; explicitFileType = wrapper.application; includeInIndex = 0; path = EverestmeterWatch.app; sourceTree = BUILT_PRODUCTS_DIR; };
		55669F701F7E9D4A00BA7D83 /* Base */ = {isa = PBXFileReference; lastKnownFileType = file.storyboard; name = Base; path = Base.lproj/Interface.storyboard; sourceTree = "<group>"; };
		55669F721F7E9D4A00BA7D83 /* Assets.xcassets */ = {isa = PBXFileReference; lastKnownFileType = folder.assetcatalog; path = Assets.xcassets; sourceTree = "<group>"; };
		55669F741F7E9D4A00BA7D83 /* Info.plist */ = {isa = PBXFileReference; lastKnownFileType = text.plist.xml; path = Info.plist; sourceTree = "<group>"; };
		55669F791F7E9D4A00BA7D83 /* EverestmeterWatchExtension.appex */ = {isa = PBXFileReference; explicitFileType = "wrapper.app-extension"; includeInIndex = 0; path = EverestmeterWatchExtension.appex; sourceTree = BUILT_PRODUCTS_DIR; };
		55669F971F7EA22E00BA7D83 /* EverestmeterShared.framework */ = {isa = PBXFileReference; explicitFileType = wrapper.framework; includeInIndex = 0; path = EverestmeterShared.framework; sourceTree = BUILT_PRODUCTS_DIR; };
		55669F9A1F7EA22E00BA7D83 /* Info.plist */ = {isa = PBXFileReference; lastKnownFileType = text.plist.xml; path = Info.plist; sourceTree = "<group>"; };
		55669FA81F7EA25800BA7D83 /* EverestmeterWatchShared.framework */ = {isa = PBXFileReference; explicitFileType = wrapper.framework; includeInIndex = 0; path = EverestmeterWatchShared.framework; sourceTree = BUILT_PRODUCTS_DIR; };
		55669FBA1F7EA28300BA7D83 /* EverestmeterWatchCore.framework */ = {isa = PBXFileReference; explicitFileType = wrapper.framework; includeInIndex = 0; path = EverestmeterWatchCore.framework; sourceTree = BUILT_PRODUCTS_DIR; };
		556BCC101F1CE8F10048F34B /* EverestmeterDesktop.framework */ = {isa = PBXFileReference; explicitFileType = wrapper.framework; includeInIndex = 0; path = EverestmeterDesktop.framework; sourceTree = BUILT_PRODUCTS_DIR; };
		556BCC181F1CE8F10048F34B /* EverestmeterDesktopTests.xctest */ = {isa = PBXFileReference; explicitFileType = wrapper.cfbundle; includeInIndex = 0; path = EverestmeterDesktopTests.xctest; sourceTree = BUILT_PRODUCTS_DIR; };
		556BCC271F1CE9C40048F34B /* InfoDesktop.plist */ = {isa = PBXFileReference; lastKnownFileType = text.plist.xml; path = InfoDesktop.plist; sourceTree = "<group>"; };
		556BCC281F1CE9C40048F34B /* InfoDesktopTests.plist */ = {isa = PBXFileReference; lastKnownFileType = text.plist.xml; path = InfoDesktopTests.plist; sourceTree = "<group>"; };
		556BCC321F1CFCE10048F34B /* Barometer.swift */ = {isa = PBXFileReference; fileEncoding = 4; lastKnownFileType = sourcecode.swift; path = Barometer.swift; sourceTree = "<group>"; };
		55D0C4621F7EA66300EFEDC4 /* InfoWatch.plist */ = {isa = PBXFileReference; lastKnownFileType = text.plist.xml; path = InfoWatch.plist; sourceTree = "<group>"; };
		55D0C4631F7EA68300EFEDC4 /* InfoWatch.plist */ = {isa = PBXFileReference; lastKnownFileType = text.plist.xml; path = InfoWatch.plist; sourceTree = "<group>"; };
		55D0C4641F7EA6A700EFEDC4 /* AssetsExtension.xcassets */ = {isa = PBXFileReference; lastKnownFileType = folder.assetcatalog; path = AssetsExtension.xcassets; sourceTree = "<group>"; };
		55D0C4661F7EA6BB00EFEDC4 /* InfoExtension.plist */ = {isa = PBXFileReference; lastKnownFileType = text.plist.xml; path = InfoExtension.plist; sourceTree = "<group>"; };
		55D0C4671F7EA6DB00EFEDC4 /* InterfaceController.swift */ = {isa = PBXFileReference; lastKnownFileType = sourcecode.swift; path = InterfaceController.swift; sourceTree = "<group>"; };
		55D0C4681F7EA6DB00EFEDC4 /* ComplicationController.swift */ = {isa = PBXFileReference; lastKnownFileType = sourcecode.swift; path = ComplicationController.swift; sourceTree = "<group>"; };
		55D0C4691F7EA6DB00EFEDC4 /* ExtensionDelegate.swift */ = {isa = PBXFileReference; lastKnownFileType = sourcecode.swift; path = ExtensionDelegate.swift; sourceTree = "<group>"; };
		55E685AD1F20F1540048BB73 /* EverestBottom.png */ = {isa = PBXFileReference; lastKnownFileType = image.png; path = EverestBottom.png; sourceTree = "<group>"; };
		55E685AF1F20F15A0048BB73 /* EverestTop.png */ = {isa = PBXFileReference; lastKnownFileType = image.png; path = EverestTop.png; sourceTree = "<group>"; };
/* End PBXFileReference section */

/* Begin PBXFrameworksBuildPhase section */
		55142F9D1EF43C9900DF9872 /* Frameworks */ = {
			isa = PBXFrameworksBuildPhase;
			buildActionMask = 2147483647;
			files = (
				55669F9E1F7EA22E00BA7D83 /* EverestmeterShared.framework in Frameworks */,
				55142FEB1EF43D2500DF9872 /* EverestmeterCore.framework in Frameworks */,
			);
			runOnlyForDeploymentPostprocessing = 0;
		};
		55142FBC1EF43C9900DF9872 /* Frameworks */ = {
			isa = PBXFrameworksBuildPhase;
			buildActionMask = 2147483647;
			files = (
			);
			runOnlyForDeploymentPostprocessing = 0;
		};
		55142FD21EF43D2500DF9872 /* Frameworks */ = {
			isa = PBXFrameworksBuildPhase;
			buildActionMask = 2147483647;
			files = (
			);
			runOnlyForDeploymentPostprocessing = 0;
		};
		55142FDB1EF43D2500DF9872 /* Frameworks */ = {
			isa = PBXFrameworksBuildPhase;
			buildActionMask = 2147483647;
			files = (
				55142FDF1EF43D2500DF9872 /* EverestmeterCore.framework in Frameworks */,
			);
			runOnlyForDeploymentPostprocessing = 0;
		};
		55669F761F7E9D4A00BA7D83 /* Frameworks */ = {
			isa = PBXFrameworksBuildPhase;
			buildActionMask = 2147483647;
			files = (
				55669FC11F7EA28300BA7D83 /* EverestmeterWatchCore.framework in Frameworks */,
				55669FAF1F7EA25800BA7D83 /* EverestmeterWatchShared.framework in Frameworks */,
			);
			runOnlyForDeploymentPostprocessing = 0;
		};
		55669F931F7EA22E00BA7D83 /* Frameworks */ = {
			isa = PBXFrameworksBuildPhase;
			buildActionMask = 2147483647;
			files = (
			);
			runOnlyForDeploymentPostprocessing = 0;
		};
		55669FA41F7EA25800BA7D83 /* Frameworks */ = {
			isa = PBXFrameworksBuildPhase;
			buildActionMask = 2147483647;
			files = (
			);
			runOnlyForDeploymentPostprocessing = 0;
		};
		55669FB61F7EA28300BA7D83 /* Frameworks */ = {
			isa = PBXFrameworksBuildPhase;
			buildActionMask = 2147483647;
			files = (
			);
			runOnlyForDeploymentPostprocessing = 0;
		};
		556BCC0C1F1CE8F10048F34B /* Frameworks */ = {
			isa = PBXFrameworksBuildPhase;
			buildActionMask = 2147483647;
			files = (
			);
			runOnlyForDeploymentPostprocessing = 0;
		};
		556BCC151F1CE8F10048F34B /* Frameworks */ = {
			isa = PBXFrameworksBuildPhase;
			buildActionMask = 2147483647;
			files = (
				556BCC191F1CE8F10048F34B /* EverestmeterDesktop.framework in Frameworks */,
			);
			runOnlyForDeploymentPostprocessing = 0;
		};
/* End PBXFrameworksBuildPhase section */

/* Begin PBXGroup section */
		55142F971EF43C9900DF9872 = {
			isa = PBXGroup;
			children = (
				55142FA21EF43C9900DF9872 /* Everestmeter */,
				55669F981F7EA22E00BA7D83 /* EverestmeterShared */,
				55142FD71EF43D2500DF9872 /* EverestmeterCore */,
				55142FC21EF43C9900DF9872 /* EverestmeterUITests */,
				55669F6E1F7E9D4A00BA7D83 /* EverestmeterWatch */,
				55142FA11EF43C9900DF9872 /* Products */,
			);
			sourceTree = "<group>";
		};
		55142FA11EF43C9900DF9872 /* Products */ = {
			isa = PBXGroup;
			children = (
				55142FA01EF43C9900DF9872 /* Everestmeter.app */,
				55142FBF1EF43C9900DF9872 /* EverestmeterUITests.xctest */,
				55142FD61EF43D2500DF9872 /* EverestmeterCore.framework */,
				55142FDE1EF43D2500DF9872 /* EverestmeterCoreTests.xctest */,
				556BCC101F1CE8F10048F34B /* EverestmeterDesktop.framework */,
				556BCC181F1CE8F10048F34B /* EverestmeterDesktopTests.xctest */,
				55669F6D1F7E9D4A00BA7D83 /* EverestmeterWatch.app */,
				55669F791F7E9D4A00BA7D83 /* EverestmeterWatchExtension.appex */,
				55669F971F7EA22E00BA7D83 /* EverestmeterShared.framework */,
				55669FA81F7EA25800BA7D83 /* EverestmeterWatchShared.framework */,
				55669FBA1F7EA28300BA7D83 /* EverestmeterWatchCore.framework */,
			);
			name = Products;
			sourceTree = "<group>";
		};
		55142FA21EF43C9900DF9872 /* Everestmeter */ = {
			isa = PBXGroup;
			children = (
				55142FA31EF43C9900DF9872 /* AppDelegate.swift */,
				55142FFD1EF4405C00DF9872 /* AltitudeViewController.swift */,
				5552D71B1F1F979300216796 /* AltitudeView.swift */,
				5552D7171F1F968700216796 /* AltitudeDataView.swift */,
				5552D7191F1F96CD00216796 /* ErrorView.swift */,
				55142FF71EF4403500DF9872 /* Main.storyboard */,
				55E685AF1F20F15A0048BB73 /* EverestTop.png */,
				55E685AD1F20F1540048BB73 /* EverestBottom.png */,
				55142FF51EF43FF600DF9872 /* Assets.xcassets */,
				55142FAC1EF43C9900DF9872 /* LaunchScreen.storyboard */,
				55142FAF1EF43C9900DF9872 /* Info.plist */,
			);
			path = Everestmeter;
			sourceTree = "<group>";
		};
		55142FC21EF43C9900DF9872 /* EverestmeterUITests */ = {
			isa = PBXGroup;
			children = (
				55142FC31EF43C9900DF9872 /* EverestmeterUITests.swift */,
				55142FC51EF43C9900DF9872 /* Info.plist */,
			);
			path = EverestmeterUITests;
			sourceTree = "<group>";
		};
		55142FD71EF43D2500DF9872 /* EverestmeterCore */ = {
			isa = PBXGroup;
			children = (
				551430001EF4408F00DF9872 /* Altitude.swift */,
				551430021EF4408F00DF9872 /* AltitudeTests.swift */,
				551430031EF4408F00DF9872 /* AltitudeDescription.swift */,
				551430051EF4408F00DF9872 /* AltitudeDescriptionTests.swift */,
				551430061EF4408F00DF9872 /* AltitudeGauge.swift */,
				551430081EF4408F00DF9872 /* AltitudeGaugeTests.swift */,
				5514300C1EF4408F00DF9872 /* Pressure.swift */,
				552EF4F81EFD727A00905CFD /* PressureTests.swift */,
				551C42561F87E6BF0057A700 /* Pressure+Equatable.swift */,
				551C424F1F87E65A0057A700 /* PressureMessage.swift */,
				551C42531F87E6820057A700 /* PressureMessageTests.swift */,
				5514300D1EF4408F00DF9872 /* Double+Power.swift */,
				55142FD91EF43D2500DF9872 /* Info.plist */,
				55142FF41EF43DAA00DF9872 /* InfoTests.plist */,
				556BCC271F1CE9C40048F34B /* InfoDesktop.plist */,
				556BCC281F1CE9C40048F34B /* InfoDesktopTests.plist */,
				55D0C4631F7EA68300EFEDC4 /* InfoWatch.plist */,
			);
			path = EverestmeterCore;
			sourceTree = "<group>";
		};
		55669F6E1F7E9D4A00BA7D83 /* EverestmeterWatch */ = {
			isa = PBXGroup;
			children = (
				55669F6F1F7E9D4A00BA7D83 /* Interface.storyboard */,
				55D0C4681F7EA6DB00EFEDC4 /* ComplicationController.swift */,
				55D0C4691F7EA6DB00EFEDC4 /* ExtensionDelegate.swift */,
				55D0C4671F7EA6DB00EFEDC4 /* InterfaceController.swift */,
				55669F721F7E9D4A00BA7D83 /* Assets.xcassets */,
				55D0C4641F7EA6A700EFEDC4 /* AssetsExtension.xcassets */,
				55669F741F7E9D4A00BA7D83 /* Info.plist */,
				55D0C4661F7EA6BB00EFEDC4 /* InfoExtension.plist */,
			);
			path = EverestmeterWatch;
			sourceTree = "<group>";
		};
		55669F981F7EA22E00BA7D83 /* EverestmeterShared */ = {
			isa = PBXGroup;
			children = (
				556BCC321F1CFCE10048F34B /* Barometer.swift */,
				553362EC1F28DB5300C7DF39 /* DeviceBarometer.swift */,
				553362EE1F28DBCC00C7DF39 /* SimulatedBarometer.swift */,
				551C424C1F87D9760057A700 /* RemoteBarometer.swift */,
				55669F9A1F7EA22E00BA7D83 /* Info.plist */,
				55D0C4621F7EA66300EFEDC4 /* InfoWatch.plist */,
			);
			path = EverestmeterShared;
			sourceTree = "<group>";
		};
/* End PBXGroup section */

/* Begin PBXHeadersBuildPhase section */
		55142FD31EF43D2500DF9872 /* Headers */ = {
			isa = PBXHeadersBuildPhase;
			buildActionMask = 2147483647;
			files = (
			);
			runOnlyForDeploymentPostprocessing = 0;
		};
		55669F941F7EA22E00BA7D83 /* Headers */ = {
			isa = PBXHeadersBuildPhase;
			buildActionMask = 2147483647;
			files = (
			);
			runOnlyForDeploymentPostprocessing = 0;
		};
		55669FA51F7EA25800BA7D83 /* Headers */ = {
			isa = PBXHeadersBuildPhase;
			buildActionMask = 2147483647;
			files = (
			);
			runOnlyForDeploymentPostprocessing = 0;
		};
		55669FB71F7EA28300BA7D83 /* Headers */ = {
			isa = PBXHeadersBuildPhase;
			buildActionMask = 2147483647;
			files = (
			);
			runOnlyForDeploymentPostprocessing = 0;
		};
		556BCC0D1F1CE8F10048F34B /* Headers */ = {
			isa = PBXHeadersBuildPhase;
			buildActionMask = 2147483647;
			files = (
			);
			runOnlyForDeploymentPostprocessing = 0;
		};
/* End PBXHeadersBuildPhase section */

/* Begin PBXNativeTarget section */
		55142F9F1EF43C9900DF9872 /* Everestmeter */ = {
			isa = PBXNativeTarget;
			buildConfigurationList = 55142FC81EF43C9900DF9872 /* Build configuration list for PBXNativeTarget "Everestmeter" */;
			buildPhases = (
				55142F9C1EF43C9900DF9872 /* Sources */,
				55142F9D1EF43C9900DF9872 /* Frameworks */,
				55142F9E1EF43C9900DF9872 /* Resources */,
				55142FF01EF43D2500DF9872 /* Embed Frameworks */,
				55669F911F7E9D4B00BA7D83 /* Embed Watch Content */,
			);
			buildRules = (
			);
			dependencies = (
				55142FEA1EF43D2500DF9872 /* PBXTargetDependency */,
				55669F881F7E9D4B00BA7D83 /* PBXTargetDependency */,
				55669F9D1F7EA22E00BA7D83 /* PBXTargetDependency */,
			);
			name = Everestmeter;
			productName = Everestmeter;
			productReference = 55142FA01EF43C9900DF9872 /* Everestmeter.app */;
			productType = "com.apple.product-type.application";
		};
		55142FBE1EF43C9900DF9872 /* EverestmeterUITests */ = {
			isa = PBXNativeTarget;
			buildConfigurationList = 55142FCE1EF43C9900DF9872 /* Build configuration list for PBXNativeTarget "EverestmeterUITests" */;
			buildPhases = (
				55142FBB1EF43C9900DF9872 /* Sources */,
				55142FBC1EF43C9900DF9872 /* Frameworks */,
				55142FBD1EF43C9900DF9872 /* Resources */,
			);
			buildRules = (
			);
			dependencies = (
				55142FC11EF43C9900DF9872 /* PBXTargetDependency */,
			);
			name = EverestmeterUITests;
			productName = EverestmeterUITests;
			productReference = 55142FBF1EF43C9900DF9872 /* EverestmeterUITests.xctest */;
			productType = "com.apple.product-type.bundle.ui-testing";
		};
		55142FD51EF43D2500DF9872 /* EverestmeterCore */ = {
			isa = PBXNativeTarget;
			buildConfigurationList = 55142FED1EF43D2500DF9872 /* Build configuration list for PBXNativeTarget "EverestmeterCore" */;
			buildPhases = (
				55142FD11EF43D2500DF9872 /* Sources */,
				55142FD21EF43D2500DF9872 /* Frameworks */,
				55142FD31EF43D2500DF9872 /* Headers */,
				55142FD41EF43D2500DF9872 /* Resources */,
				55A795281F261DD80070D23F /* Run SwiftLint */,
			);
			buildRules = (
			);
			dependencies = (
			);
			name = EverestmeterCore;
			productName = EverestmeterCore;
			productReference = 55142FD61EF43D2500DF9872 /* EverestmeterCore.framework */;
			productType = "com.apple.product-type.framework";
		};
		55142FDD1EF43D2500DF9872 /* EverestmeterCoreTests */ = {
			isa = PBXNativeTarget;
			buildConfigurationList = 55142FF11EF43D2500DF9872 /* Build configuration list for PBXNativeTarget "EverestmeterCoreTests" */;
			buildPhases = (
				55142FDA1EF43D2500DF9872 /* Sources */,
				55142FDB1EF43D2500DF9872 /* Frameworks */,
				55142FDC1EF43D2500DF9872 /* Resources */,
			);
			buildRules = (
			);
			dependencies = (
				55142FE11EF43D2500DF9872 /* PBXTargetDependency */,
				55142FE31EF43D2500DF9872 /* PBXTargetDependency */,
			);
			name = EverestmeterCoreTests;
			productName = EverestmeterCoreTests;
			productReference = 55142FDE1EF43D2500DF9872 /* EverestmeterCoreTests.xctest */;
			productType = "com.apple.product-type.bundle.unit-test";
		};
		55669F6C1F7E9D4A00BA7D83 /* EverestmeterWatch */ = {
			isa = PBXNativeTarget;
			buildConfigurationList = 55669F901F7E9D4B00BA7D83 /* Build configuration list for PBXNativeTarget "EverestmeterWatch" */;
			buildPhases = (
				55669F6B1F7E9D4A00BA7D83 /* Resources */,
				55669F8F1F7E9D4B00BA7D83 /* Embed App Extensions */,
			);
			buildRules = (
			);
			dependencies = (
				55669F7C1F7E9D4A00BA7D83 /* PBXTargetDependency */,
			);
			name = EverestmeterWatch;
			productName = EverestmeterWatch;
			productReference = 55669F6D1F7E9D4A00BA7D83 /* EverestmeterWatch.app */;
			productType = "com.apple.product-type.application.watchapp2";
		};
		55669F781F7E9D4A00BA7D83 /* EverestmeterWatchExtension */ = {
			isa = PBXNativeTarget;
			buildConfigurationList = 55669F8E1F7E9D4B00BA7D83 /* Build configuration list for PBXNativeTarget "EverestmeterWatchExtension" */;
			buildPhases = (
				55669F751F7E9D4A00BA7D83 /* Sources */,
				55669F761F7E9D4A00BA7D83 /* Frameworks */,
				55669F771F7E9D4A00BA7D83 /* Resources */,
				55669FB41F7EA25800BA7D83 /* Embed Frameworks */,
			);
			buildRules = (
			);
			dependencies = (
				55669FAE1F7EA25800BA7D83 /* PBXTargetDependency */,
				55669FC01F7EA28300BA7D83 /* PBXTargetDependency */,
			);
			name = EverestmeterWatchExtension;
			productName = "EverestmeterWatch Extension";
			productReference = 55669F791F7E9D4A00BA7D83 /* EverestmeterWatchExtension.appex */;
			productType = "com.apple.product-type.watchkit2-extension";
		};
		55669F961F7EA22E00BA7D83 /* EverestmeterShared */ = {
			isa = PBXNativeTarget;
			buildConfigurationList = 55669FA01F7EA22E00BA7D83 /* Build configuration list for PBXNativeTarget "EverestmeterShared" */;
			buildPhases = (
				55669F921F7EA22E00BA7D83 /* Sources */,
				55669F931F7EA22E00BA7D83 /* Frameworks */,
				55669F941F7EA22E00BA7D83 /* Headers */,
				55669F951F7EA22E00BA7D83 /* Resources */,
			);
			buildRules = (
			);
			dependencies = (
			);
			name = EverestmeterShared;
			productName = EverestmeterShared;
			productReference = 55669F971F7EA22E00BA7D83 /* EverestmeterShared.framework */;
			productType = "com.apple.product-type.framework";
		};
		55669FA71F7EA25800BA7D83 /* EverestmeterWatchShared */ = {
			isa = PBXNativeTarget;
			buildConfigurationList = 55669FB11F7EA25800BA7D83 /* Build configuration list for PBXNativeTarget "EverestmeterWatchShared" */;
			buildPhases = (
				55669FA31F7EA25800BA7D83 /* Sources */,
				55669FA41F7EA25800BA7D83 /* Frameworks */,
				55669FA51F7EA25800BA7D83 /* Headers */,
				55669FA61F7EA25800BA7D83 /* Resources */,
			);
			buildRules = (
			);
			dependencies = (
			);
			name = EverestmeterWatchShared;
			productName = EverestmeterWatchShared;
			productReference = 55669FA81F7EA25800BA7D83 /* EverestmeterWatchShared.framework */;
			productType = "com.apple.product-type.framework";
		};
		55669FB91F7EA28300BA7D83 /* EverestmeterWatchCore */ = {
			isa = PBXNativeTarget;
			buildConfigurationList = 55669FC31F7EA28300BA7D83 /* Build configuration list for PBXNativeTarget "EverestmeterWatchCore" */;
			buildPhases = (
				55669FB51F7EA28300BA7D83 /* Sources */,
				55669FB61F7EA28300BA7D83 /* Frameworks */,
				55669FB71F7EA28300BA7D83 /* Headers */,
				55669FB81F7EA28300BA7D83 /* Resources */,
			);
			buildRules = (
			);
			dependencies = (
			);
			name = EverestmeterWatchCore;
			productName = EverestmeterWatchCore;
			productReference = 55669FBA1F7EA28300BA7D83 /* EverestmeterWatchCore.framework */;
			productType = "com.apple.product-type.framework";
		};
		556BCC0F1F1CE8F10048F34B /* EverestmeterDesktop */ = {
			isa = PBXNativeTarget;
			buildConfigurationList = 556BCC211F1CE8F20048F34B /* Build configuration list for PBXNativeTarget "EverestmeterDesktop" */;
			buildPhases = (
				556BCC0B1F1CE8F10048F34B /* Sources */,
				556BCC0C1F1CE8F10048F34B /* Frameworks */,
				556BCC0D1F1CE8F10048F34B /* Headers */,
				556BCC0E1F1CE8F10048F34B /* Resources */,
				55A795271F261B0C0070D23F /* Run SwiftLint */,
			);
			buildRules = (
			);
			dependencies = (
			);
			name = EverestmeterDesktop;
			productName = EverestmeterDesktop;
			productReference = 556BCC101F1CE8F10048F34B /* EverestmeterDesktop.framework */;
			productType = "com.apple.product-type.framework";
		};
		556BCC171F1CE8F10048F34B /* EverestmeterDesktopTests */ = {
			isa = PBXNativeTarget;
			buildConfigurationList = 556BCC241F1CE8F20048F34B /* Build configuration list for PBXNativeTarget "EverestmeterDesktopTests" */;
			buildPhases = (
				556BCC141F1CE8F10048F34B /* Sources */,
				556BCC151F1CE8F10048F34B /* Frameworks */,
				556BCC161F1CE8F10048F34B /* Resources */,
			);
			buildRules = (
			);
			dependencies = (
				556BCC1B1F1CE8F10048F34B /* PBXTargetDependency */,
			);
			name = EverestmeterDesktopTests;
			productName = EverestmeterDesktopTests;
			productReference = 556BCC181F1CE8F10048F34B /* EverestmeterDesktopTests.xctest */;
			productType = "com.apple.product-type.bundle.unit-test";
		};
/* End PBXNativeTarget section */

/* Begin PBXProject section */
		55142F981EF43C9900DF9872 /* Project object */ = {
			isa = PBXProject;
			attributes = {
				LastSwiftUpdateCheck = 0900;
				LastUpgradeCheck = 0900;
				ORGANIZATIONNAME = "Orlando Cossia Castiglioni";
				TargetAttributes = {
					55142F9F1EF43C9900DF9872 = {
						CreatedOnToolsVersion = 8.3.3;
						LastSwiftMigration = 0900;
						ProvisioningStyle = Automatic;
					};
					55142FBE1EF43C9900DF9872 = {
						CreatedOnToolsVersion = 8.3.3;
						DevelopmentTeam = LVYGD8LLE9;
						LastSwiftMigration = 0900;
						ProvisioningStyle = Automatic;
						TestTargetID = 55142F9F1EF43C9900DF9872;
					};
					55142FD51EF43D2500DF9872 = {
						CreatedOnToolsVersion = 8.3.3;
						DevelopmentTeam = LVYGD8LLE9;
						LastSwiftMigration = 0900;
						ProvisioningStyle = Automatic;
					};
					55142FDD1EF43D2500DF9872 = {
						CreatedOnToolsVersion = 8.3.3;
						DevelopmentTeam = LVYGD8LLE9;
						LastSwiftMigration = 0900;
						ProvisioningStyle = Automatic;
						TestTargetID = 55142F9F1EF43C9900DF9872;
					};
					55669F6C1F7E9D4A00BA7D83 = {
						CreatedOnToolsVersion = 9.0;
						ProvisioningStyle = Automatic;
					};
					55669F781F7E9D4A00BA7D83 = {
						CreatedOnToolsVersion = 9.0;
						ProvisioningStyle = Automatic;
					};
					55669F961F7EA22E00BA7D83 = {
						CreatedOnToolsVersion = 9.0;
						ProvisioningStyle = Automatic;
					};
					55669FA71F7EA25800BA7D83 = {
						CreatedOnToolsVersion = 9.0;
						ProvisioningStyle = Automatic;
					};
					55669FB91F7EA28300BA7D83 = {
						CreatedOnToolsVersion = 9.0;
						ProvisioningStyle = Automatic;
					};
					556BCC0F1F1CE8F10048F34B = {
						CreatedOnToolsVersion = 8.3.3;
						LastSwiftMigration = 0900;
						ProvisioningStyle = Automatic;
					};
					556BCC171F1CE8F10048F34B = {
						CreatedOnToolsVersion = 8.3.3;
						LastSwiftMigration = 0900;
						ProvisioningStyle = Automatic;
					};
				};
			};
			buildConfigurationList = 55142F9B1EF43C9900DF9872 /* Build configuration list for PBXProject "Everestmeter" */;
			compatibilityVersion = "Xcode 8.0";
			developmentRegion = English;
			hasScannedForEncodings = 0;
			knownRegions = (
				en,
				Base,
			);
			mainGroup = 55142F971EF43C9900DF9872;
			productRefGroup = 55142FA11EF43C9900DF9872 /* Products */;
			projectDirPath = "";
			projectRoot = "";
			targets = (
				55142F9F1EF43C9900DF9872 /* Everestmeter */,
				55142FBE1EF43C9900DF9872 /* EverestmeterUITests */,
				55142FD51EF43D2500DF9872 /* EverestmeterCore */,
				55142FDD1EF43D2500DF9872 /* EverestmeterCoreTests */,
				556BCC0F1F1CE8F10048F34B /* EverestmeterDesktop */,
				556BCC171F1CE8F10048F34B /* EverestmeterDesktopTests */,
				55669F6C1F7E9D4A00BA7D83 /* EverestmeterWatch */,
				55669F781F7E9D4A00BA7D83 /* EverestmeterWatchExtension */,
				55669F961F7EA22E00BA7D83 /* EverestmeterShared */,
				55669FA71F7EA25800BA7D83 /* EverestmeterWatchShared */,
				55669FB91F7EA28300BA7D83 /* EverestmeterWatchCore */,
			);
		};
/* End PBXProject section */

/* Begin PBXResourcesBuildPhase section */
		55142F9E1EF43C9900DF9872 /* Resources */ = {
			isa = PBXResourcesBuildPhase;
			buildActionMask = 2147483647;
			files = (
				55142FF81EF4403500DF9872 /* Main.storyboard in Resources */,
				55142FAE1EF43C9900DF9872 /* LaunchScreen.storyboard in Resources */,
				55142FF61EF43FF600DF9872 /* Assets.xcassets in Resources */,
				55E685AE1F20F1540048BB73 /* EverestBottom.png in Resources */,
				55E685B01F20F15A0048BB73 /* EverestTop.png in Resources */,
			);
			runOnlyForDeploymentPostprocessing = 0;
		};
		55142FBD1EF43C9900DF9872 /* Resources */ = {
			isa = PBXResourcesBuildPhase;
			buildActionMask = 2147483647;
			files = (
			);
			runOnlyForDeploymentPostprocessing = 0;
		};
		55142FD41EF43D2500DF9872 /* Resources */ = {
			isa = PBXResourcesBuildPhase;
			buildActionMask = 2147483647;
			files = (
			);
			runOnlyForDeploymentPostprocessing = 0;
		};
		55142FDC1EF43D2500DF9872 /* Resources */ = {
			isa = PBXResourcesBuildPhase;
			buildActionMask = 2147483647;
			files = (
			);
			runOnlyForDeploymentPostprocessing = 0;
		};
		55669F6B1F7E9D4A00BA7D83 /* Resources */ = {
			isa = PBXResourcesBuildPhase;
			buildActionMask = 2147483647;
			files = (
				55669F731F7E9D4A00BA7D83 /* Assets.xcassets in Resources */,
				55669F711F7E9D4A00BA7D83 /* Interface.storyboard in Resources */,
			);
			runOnlyForDeploymentPostprocessing = 0;
		};
		55669F771F7E9D4A00BA7D83 /* Resources */ = {
			isa = PBXResourcesBuildPhase;
			buildActionMask = 2147483647;
			files = (
				55D0C4651F7EA6AC00EFEDC4 /* AssetsExtension.xcassets in Resources */,
			);
			runOnlyForDeploymentPostprocessing = 0;
		};
		55669F951F7EA22E00BA7D83 /* Resources */ = {
			isa = PBXResourcesBuildPhase;
			buildActionMask = 2147483647;
			files = (
			);
			runOnlyForDeploymentPostprocessing = 0;
		};
		55669FA61F7EA25800BA7D83 /* Resources */ = {
			isa = PBXResourcesBuildPhase;
			buildActionMask = 2147483647;
			files = (
			);
			runOnlyForDeploymentPostprocessing = 0;
		};
		55669FB81F7EA28300BA7D83 /* Resources */ = {
			isa = PBXResourcesBuildPhase;
			buildActionMask = 2147483647;
			files = (
			);
			runOnlyForDeploymentPostprocessing = 0;
		};
		556BCC0E1F1CE8F10048F34B /* Resources */ = {
			isa = PBXResourcesBuildPhase;
			buildActionMask = 2147483647;
			files = (
			);
			runOnlyForDeploymentPostprocessing = 0;
		};
		556BCC161F1CE8F10048F34B /* Resources */ = {
			isa = PBXResourcesBuildPhase;
			buildActionMask = 2147483647;
			files = (
			);
			runOnlyForDeploymentPostprocessing = 0;
		};
/* End PBXResourcesBuildPhase section */

/* Begin PBXShellScriptBuildPhase section */
		55A795271F261B0C0070D23F /* Run SwiftLint */ = {
			isa = PBXShellScriptBuildPhase;
			buildActionMask = 2147483647;
			files = (
			);
			inputPaths = (
			);
			name = "Run SwiftLint";
			outputPaths = (
			);
			runOnlyForDeploymentPostprocessing = 0;
			shellPath = /bin/sh;
			shellScript = /usr/local/bin/swiftlint;
			showEnvVarsInLog = 0;
		};
		55A795281F261DD80070D23F /* Run SwiftLint */ = {
			isa = PBXShellScriptBuildPhase;
			buildActionMask = 2147483647;
			files = (
			);
			inputPaths = (
			);
			name = "Run SwiftLint";
			outputPaths = (
			);
			runOnlyForDeploymentPostprocessing = 0;
			shellPath = /bin/sh;
			shellScript = /usr/local/bin/swiftlint;
			showEnvVarsInLog = 0;
		};
/* End PBXShellScriptBuildPhase section */

/* Begin PBXSourcesBuildPhase section */
		55142F9C1EF43C9900DF9872 /* Sources */ = {
			isa = PBXSourcesBuildPhase;
			buildActionMask = 2147483647;
			files = (
				5552D71C1F1F979300216796 /* AltitudeView.swift in Sources */,
				5552D71A1F1F96CD00216796 /* ErrorView.swift in Sources */,
				55142FFE1EF4405C00DF9872 /* AltitudeViewController.swift in Sources */,
				55142FA41EF43C9900DF9872 /* AppDelegate.swift in Sources */,
				5552D7181F1F968700216796 /* AltitudeDataView.swift in Sources */,
			);
			runOnlyForDeploymentPostprocessing = 0;
		};
		55142FBB1EF43C9900DF9872 /* Sources */ = {
			isa = PBXSourcesBuildPhase;
			buildActionMask = 2147483647;
			files = (
				55142FC41EF43C9900DF9872 /* EverestmeterUITests.swift in Sources */,
			);
			runOnlyForDeploymentPostprocessing = 0;
		};
		55142FD11EF43D2500DF9872 /* Sources */ = {
			isa = PBXSourcesBuildPhase;
			buildActionMask = 2147483647;
			files = (
				5514301B1EF4408F00DF9872 /* Pressure.swift in Sources */,
				551430121EF4408F00DF9872 /* AltitudeDescription.swift in Sources */,
				551C42501F87E65A0057A700 /* PressureMessage.swift in Sources */,
				551430151EF4408F00DF9872 /* AltitudeGauge.swift in Sources */,
				5514301C1EF4408F00DF9872 /* Double+Power.swift in Sources */,
				5514300F1EF4408F00DF9872 /* Altitude.swift in Sources */,
			);
			runOnlyForDeploymentPostprocessing = 0;
		};
		55142FDA1EF43D2500DF9872 /* Sources */ = {
			isa = PBXSourcesBuildPhase;
			buildActionMask = 2147483647;
			files = (
				552EF4F91EFD727A00905CFD /* PressureTests.swift in Sources */,
				551C42571F87E6BF0057A700 /* Pressure+Equatable.swift in Sources */,
				5514301F1EF440B600DF9872 /* AltitudeGaugeTests.swift in Sources */,
				551C42541F87E6820057A700 /* PressureMessageTests.swift in Sources */,
				5514301E1EF440B600DF9872 /* AltitudeDescriptionTests.swift in Sources */,
				5514301D1EF440B600DF9872 /* AltitudeTests.swift in Sources */,
			);
			runOnlyForDeploymentPostprocessing = 0;
		};
		55669F751F7E9D4A00BA7D83 /* Sources */ = {
			isa = PBXSourcesBuildPhase;
			buildActionMask = 2147483647;
			files = (
				55D0C46B1F7EA6E000EFEDC4 /* ExtensionDelegate.swift in Sources */,
				55D0C46A1F7EA6E000EFEDC4 /* ComplicationController.swift in Sources */,
				55D0C46C1F7EA6E000EFEDC4 /* InterfaceController.swift in Sources */,
			);
			runOnlyForDeploymentPostprocessing = 0;
		};
		55669F921F7EA22E00BA7D83 /* Sources */ = {
			isa = PBXSourcesBuildPhase;
			buildActionMask = 2147483647;
			files = (
				55D0C4701F7EA86D00EFEDC4 /* DeviceBarometer.swift in Sources */,
				551C424D1F87D9760057A700 /* RemoteBarometer.swift in Sources */,
				55D0C46F1F7EA86D00EFEDC4 /* SimulatedBarometer.swift in Sources */,
				55D0C46E1F7EA86D00EFEDC4 /* Barometer.swift in Sources */,
			);
			runOnlyForDeploymentPostprocessing = 0;
		};
		55669FA31F7EA25800BA7D83 /* Sources */ = {
			isa = PBXSourcesBuildPhase;
			buildActionMask = 2147483647;
			files = (
				55D0C4771F7EAD3B00EFEDC4 /* Barometer.swift in Sources */,
				551C424E1F87D9760057A700 /* RemoteBarometer.swift in Sources */,
				55D0C4791F7EAD3B00EFEDC4 /* SimulatedBarometer.swift in Sources */,
				55D0C4781F7EAD3B00EFEDC4 /* DeviceBarometer.swift in Sources */,
			);
			runOnlyForDeploymentPostprocessing = 0;
		};
		55669FB51F7EA28300BA7D83 /* Sources */ = {
			isa = PBXSourcesBuildPhase;
			buildActionMask = 2147483647;
			files = (
				55E0C8231F8694B3006B1F77 /* Altitude.swift in Sources */,
				55E0C8271F8694B3006B1F77 /* AltitudeGauge.swift in Sources */,
				551C42521F87E65A0057A700 /* PressureMessage.swift in Sources */,
				55E0C8291F8694B3006B1F77 /* Pressure.swift in Sources */,
				55E0C82B1F8694B3006B1F77 /* Double+Power.swift in Sources */,
				55E0C8251F8694B3006B1F77 /* AltitudeDescription.swift in Sources */,
			);
			runOnlyForDeploymentPostprocessing = 0;
		};
		556BCC0B1F1CE8F10048F34B /* Sources */ = {
			isa = PBXSourcesBuildPhase;
			buildActionMask = 2147483647;
			files = (
				556BCC2D1F1CEA860048F34B /* Double+Power.swift in Sources */,
				556BCC2C1F1CEA860048F34B /* Pressure.swift in Sources */,
				551C42511F87E65A0057A700 /* PressureMessage.swift in Sources */,
				556BCC2A1F1CEA860048F34B /* AltitudeDescription.swift in Sources */,
				556BCC2B1F1CEA860048F34B /* AltitudeGauge.swift in Sources */,
				556BCC291F1CEA860048F34B /* Altitude.swift in Sources */,
			);
			runOnlyForDeploymentPostprocessing = 0;
		};
		556BCC141F1CE8F10048F34B /* Sources */ = {
			isa = PBXSourcesBuildPhase;
			buildActionMask = 2147483647;
			files = (
				556BCC311F1CEA9F0048F34B /* PressureTests.swift in Sources */,
				551C42581F87E6BF0057A700 /* Pressure+Equatable.swift in Sources */,
				556BCC301F1CEA9F0048F34B /* AltitudeGaugeTests.swift in Sources */,
				551C42551F87E6820057A700 /* PressureMessageTests.swift in Sources */,
				556BCC2F1F1CEA9F0048F34B /* AltitudeDescriptionTests.swift in Sources */,
				556BCC2E1F1CEA9F0048F34B /* AltitudeTests.swift in Sources */,
			);
			runOnlyForDeploymentPostprocessing = 0;
		};
/* End PBXSourcesBuildPhase section */

/* Begin PBXTargetDependency section */
		55142FC11EF43C9900DF9872 /* PBXTargetDependency */ = {
			isa = PBXTargetDependency;
			target = 55142F9F1EF43C9900DF9872 /* Everestmeter */;
			targetProxy = 55142FC01EF43C9900DF9872 /* PBXContainerItemProxy */;
		};
		55142FE11EF43D2500DF9872 /* PBXTargetDependency */ = {
			isa = PBXTargetDependency;
			target = 55142FD51EF43D2500DF9872 /* EverestmeterCore */;
			targetProxy = 55142FE01EF43D2500DF9872 /* PBXContainerItemProxy */;
		};
		55142FE31EF43D2500DF9872 /* PBXTargetDependency */ = {
			isa = PBXTargetDependency;
			target = 55142F9F1EF43C9900DF9872 /* Everestmeter */;
			targetProxy = 55142FE21EF43D2500DF9872 /* PBXContainerItemProxy */;
		};
		55142FEA1EF43D2500DF9872 /* PBXTargetDependency */ = {
			isa = PBXTargetDependency;
			target = 55142FD51EF43D2500DF9872 /* EverestmeterCore */;
			targetProxy = 55142FE91EF43D2500DF9872 /* PBXContainerItemProxy */;
		};
		55669F7C1F7E9D4A00BA7D83 /* PBXTargetDependency */ = {
			isa = PBXTargetDependency;
			target = 55669F781F7E9D4A00BA7D83 /* EverestmeterWatchExtension */;
			targetProxy = 55669F7B1F7E9D4A00BA7D83 /* PBXContainerItemProxy */;
		};
		55669F881F7E9D4B00BA7D83 /* PBXTargetDependency */ = {
			isa = PBXTargetDependency;
			target = 55669F6C1F7E9D4A00BA7D83 /* EverestmeterWatch */;
			targetProxy = 55669F871F7E9D4B00BA7D83 /* PBXContainerItemProxy */;
		};
		55669F9D1F7EA22E00BA7D83 /* PBXTargetDependency */ = {
			isa = PBXTargetDependency;
			target = 55669F961F7EA22E00BA7D83 /* EverestmeterShared */;
			targetProxy = 55669F9C1F7EA22E00BA7D83 /* PBXContainerItemProxy */;
		};
		55669FAE1F7EA25800BA7D83 /* PBXTargetDependency */ = {
			isa = PBXTargetDependency;
			target = 55669FA71F7EA25800BA7D83 /* EverestmeterWatchShared */;
			targetProxy = 55669FAD1F7EA25800BA7D83 /* PBXContainerItemProxy */;
		};
		55669FC01F7EA28300BA7D83 /* PBXTargetDependency */ = {
			isa = PBXTargetDependency;
			target = 55669FB91F7EA28300BA7D83 /* EverestmeterWatchCore */;
			targetProxy = 55669FBF1F7EA28300BA7D83 /* PBXContainerItemProxy */;
		};
		556BCC1B1F1CE8F10048F34B /* PBXTargetDependency */ = {
			isa = PBXTargetDependency;
			target = 556BCC0F1F1CE8F10048F34B /* EverestmeterDesktop */;
			targetProxy = 556BCC1A1F1CE8F10048F34B /* PBXContainerItemProxy */;
		};
/* End PBXTargetDependency section */

/* Begin PBXVariantGroup section */
		55142FAC1EF43C9900DF9872 /* LaunchScreen.storyboard */ = {
			isa = PBXVariantGroup;
			children = (
				55142FAD1EF43C9900DF9872 /* Base */,
			);
			name = LaunchScreen.storyboard;
			sourceTree = "<group>";
		};
		55669F6F1F7E9D4A00BA7D83 /* Interface.storyboard */ = {
			isa = PBXVariantGroup;
			children = (
				55669F701F7E9D4A00BA7D83 /* Base */,
			);
			name = Interface.storyboard;
			sourceTree = "<group>";
		};
/* End PBXVariantGroup section */

/* Begin XCBuildConfiguration section */
		55142FC61EF43C9900DF9872 /* Debug */ = {
			isa = XCBuildConfiguration;
			buildSettings = {
				ALWAYS_SEARCH_USER_PATHS = NO;
				CLANG_ANALYZER_NONNULL = YES;
				CLANG_ANALYZER_NUMBER_OBJECT_CONVERSION = YES_AGGRESSIVE;
				CLANG_CXX_LANGUAGE_STANDARD = "gnu++0x";
				CLANG_CXX_LIBRARY = "libc++";
				CLANG_ENABLE_MODULES = YES;
				CLANG_ENABLE_OBJC_ARC = YES;
				CLANG_WARN_BLOCK_CAPTURE_AUTORELEASING = YES;
				CLANG_WARN_BOOL_CONVERSION = YES;
				CLANG_WARN_COMMA = YES;
				CLANG_WARN_CONSTANT_CONVERSION = YES;
				CLANG_WARN_DIRECT_OBJC_ISA_USAGE = YES_ERROR;
				CLANG_WARN_DOCUMENTATION_COMMENTS = YES;
				CLANG_WARN_EMPTY_BODY = YES;
				CLANG_WARN_ENUM_CONVERSION = YES;
				CLANG_WARN_INFINITE_RECURSION = YES;
				CLANG_WARN_INT_CONVERSION = YES;
				CLANG_WARN_NON_LITERAL_NULL_CONVERSION = YES;
				CLANG_WARN_OBJC_LITERAL_CONVERSION = YES;
				CLANG_WARN_OBJC_ROOT_CLASS = YES_ERROR;
				CLANG_WARN_RANGE_LOOP_ANALYSIS = YES;
				CLANG_WARN_STRICT_PROTOTYPES = YES;
				CLANG_WARN_SUSPICIOUS_MOVE = YES;
				CLANG_WARN_UNREACHABLE_CODE = YES;
				CLANG_WARN__DUPLICATE_METHOD_MATCH = YES;
				"CODE_SIGN_IDENTITY[sdk=iphoneos*]" = "iPhone Developer";
				COPY_PHASE_STRIP = NO;
				DEBUG_INFORMATION_FORMAT = dwarf;
				ENABLE_STRICT_OBJC_MSGSEND = YES;
				ENABLE_TESTABILITY = YES;
				GCC_C_LANGUAGE_STANDARD = gnu99;
				GCC_DYNAMIC_NO_PIC = NO;
				GCC_NO_COMMON_BLOCKS = YES;
				GCC_OPTIMIZATION_LEVEL = 0;
				GCC_PREPROCESSOR_DEFINITIONS = (
					"DEBUG=1",
					"$(inherited)",
				);
				GCC_WARN_64_TO_32_BIT_CONVERSION = YES;
				GCC_WARN_ABOUT_RETURN_TYPE = YES_ERROR;
				GCC_WARN_UNDECLARED_SELECTOR = YES;
				GCC_WARN_UNINITIALIZED_AUTOS = YES_AGGRESSIVE;
				GCC_WARN_UNUSED_FUNCTION = YES;
				GCC_WARN_UNUSED_VARIABLE = YES;
				IPHONEOS_DEPLOYMENT_TARGET = 11.0;
				MTL_ENABLE_DEBUG_INFO = YES;
				ONLY_ACTIVE_ARCH = YES;
				SDKROOT = iphoneos;
				SWIFT_ACTIVE_COMPILATION_CONDITIONS = DEBUG;
				SWIFT_OPTIMIZATION_LEVEL = "-Onone";
			};
			name = Debug;
		};
		55142FC71EF43C9900DF9872 /* Release */ = {
			isa = XCBuildConfiguration;
			buildSettings = {
				ALWAYS_SEARCH_USER_PATHS = NO;
				CLANG_ANALYZER_NONNULL = YES;
				CLANG_ANALYZER_NUMBER_OBJECT_CONVERSION = YES_AGGRESSIVE;
				CLANG_CXX_LANGUAGE_STANDARD = "gnu++0x";
				CLANG_CXX_LIBRARY = "libc++";
				CLANG_ENABLE_MODULES = YES;
				CLANG_ENABLE_OBJC_ARC = YES;
				CLANG_WARN_BLOCK_CAPTURE_AUTORELEASING = YES;
				CLANG_WARN_BOOL_CONVERSION = YES;
				CLANG_WARN_COMMA = YES;
				CLANG_WARN_CONSTANT_CONVERSION = YES;
				CLANG_WARN_DIRECT_OBJC_ISA_USAGE = YES_ERROR;
				CLANG_WARN_DOCUMENTATION_COMMENTS = YES;
				CLANG_WARN_EMPTY_BODY = YES;
				CLANG_WARN_ENUM_CONVERSION = YES;
				CLANG_WARN_INFINITE_RECURSION = YES;
				CLANG_WARN_INT_CONVERSION = YES;
				CLANG_WARN_NON_LITERAL_NULL_CONVERSION = YES;
				CLANG_WARN_OBJC_LITERAL_CONVERSION = YES;
				CLANG_WARN_OBJC_ROOT_CLASS = YES_ERROR;
				CLANG_WARN_RANGE_LOOP_ANALYSIS = YES;
				CLANG_WARN_STRICT_PROTOTYPES = YES;
				CLANG_WARN_SUSPICIOUS_MOVE = YES;
				CLANG_WARN_UNREACHABLE_CODE = YES;
				CLANG_WARN__DUPLICATE_METHOD_MATCH = YES;
				"CODE_SIGN_IDENTITY[sdk=iphoneos*]" = "iPhone Developer";
				COPY_PHASE_STRIP = NO;
				DEBUG_INFORMATION_FORMAT = "dwarf-with-dsym";
				ENABLE_NS_ASSERTIONS = NO;
				ENABLE_STRICT_OBJC_MSGSEND = YES;
				GCC_C_LANGUAGE_STANDARD = gnu99;
				GCC_NO_COMMON_BLOCKS = YES;
				GCC_WARN_64_TO_32_BIT_CONVERSION = YES;
				GCC_WARN_ABOUT_RETURN_TYPE = YES_ERROR;
				GCC_WARN_UNDECLARED_SELECTOR = YES;
				GCC_WARN_UNINITIALIZED_AUTOS = YES_AGGRESSIVE;
				GCC_WARN_UNUSED_FUNCTION = YES;
				GCC_WARN_UNUSED_VARIABLE = YES;
				IPHONEOS_DEPLOYMENT_TARGET = 11.0;
				MTL_ENABLE_DEBUG_INFO = NO;
				SDKROOT = iphoneos;
				SWIFT_OPTIMIZATION_LEVEL = "-Owholemodule";
				VALIDATE_PRODUCT = YES;
			};
			name = Release;
		};
		55142FC91EF43C9900DF9872 /* Debug */ = {
			isa = XCBuildConfiguration;
			buildSettings = {
				ALWAYS_EMBED_SWIFT_STANDARD_LIBRARIES = YES;
				ASSETCATALOG_COMPILER_APPICON_NAME = AppIcon;
				CODE_SIGN_IDENTITY = "iPhone Developer";
				DEVELOPMENT_TEAM = LVYGD8LLE9;
				INFOPLIST_FILE = Everestmeter/Info.plist;
				LD_RUNPATH_SEARCH_PATHS = "$(inherited) @executable_path/Frameworks";
				PRODUCT_BUNDLE_IDENTIFIER = OCC.Everestmeter;
				PRODUCT_NAME = "$(TARGET_NAME)";
				SWIFT_VERSION = 4.0;
				TARGETED_DEVICE_FAMILY = "1,2";
			};
			name = Debug;
		};
		55142FCA1EF43C9900DF9872 /* Release */ = {
			isa = XCBuildConfiguration;
			buildSettings = {
				ALWAYS_EMBED_SWIFT_STANDARD_LIBRARIES = YES;
				ASSETCATALOG_COMPILER_APPICON_NAME = AppIcon;
				CODE_SIGN_IDENTITY = "iPhone Developer";
				DEVELOPMENT_TEAM = LVYGD8LLE9;
				INFOPLIST_FILE = Everestmeter/Info.plist;
				LD_RUNPATH_SEARCH_PATHS = "$(inherited) @executable_path/Frameworks";
				PRODUCT_BUNDLE_IDENTIFIER = OCC.Everestmeter;
				PRODUCT_NAME = "$(TARGET_NAME)";
				SWIFT_VERSION = 4.0;
				TARGETED_DEVICE_FAMILY = "1,2";
			};
			name = Release;
		};
		55142FCF1EF43C9900DF9872 /* Debug */ = {
			isa = XCBuildConfiguration;
			buildSettings = {
				ALWAYS_EMBED_SWIFT_STANDARD_LIBRARIES = YES;
				DEVELOPMENT_TEAM = LVYGD8LLE9;
				INFOPLIST_FILE = EverestmeterUITests/Info.plist;
				LD_RUNPATH_SEARCH_PATHS = "$(inherited) @executable_path/Frameworks @loader_path/Frameworks";
				PRODUCT_BUNDLE_IDENTIFIER = OCC.EverestmeterUITests;
				PRODUCT_NAME = "$(TARGET_NAME)";
				SWIFT_VERSION = 4.0;
				TEST_TARGET_NAME = Everestmeter;
			};
			name = Debug;
		};
		55142FD01EF43C9900DF9872 /* Release */ = {
			isa = XCBuildConfiguration;
			buildSettings = {
				ALWAYS_EMBED_SWIFT_STANDARD_LIBRARIES = YES;
				DEVELOPMENT_TEAM = LVYGD8LLE9;
				INFOPLIST_FILE = EverestmeterUITests/Info.plist;
				LD_RUNPATH_SEARCH_PATHS = "$(inherited) @executable_path/Frameworks @loader_path/Frameworks";
				PRODUCT_BUNDLE_IDENTIFIER = OCC.EverestmeterUITests;
				PRODUCT_NAME = "$(TARGET_NAME)";
				SWIFT_VERSION = 4.0;
				TEST_TARGET_NAME = Everestmeter;
			};
			name = Release;
		};
		55142FEE1EF43D2500DF9872 /* Debug */ = {
			isa = XCBuildConfiguration;
			buildSettings = {
				CLANG_ENABLE_MODULES = YES;
				CODE_SIGN_IDENTITY = "";
				CURRENT_PROJECT_VERSION = 1;
				DEFINES_MODULE = YES;
				DEVELOPMENT_TEAM = LVYGD8LLE9;
				DYLIB_COMPATIBILITY_VERSION = 1;
				DYLIB_CURRENT_VERSION = 1;
				DYLIB_INSTALL_NAME_BASE = "@rpath";
				INFOPLIST_FILE = EverestmeterCore/Info.plist;
				INSTALL_PATH = "$(LOCAL_LIBRARY_DIR)/Frameworks";
				LD_RUNPATH_SEARCH_PATHS = "$(inherited) @executable_path/Frameworks @loader_path/Frameworks";
				PRODUCT_BUNDLE_IDENTIFIER = OCC.EverestmeterCore;
				PRODUCT_NAME = "$(TARGET_NAME)";
				SKIP_INSTALL = YES;
				SWIFT_OPTIMIZATION_LEVEL = "-Onone";
				SWIFT_VERSION = 4.0;
				TARGETED_DEVICE_FAMILY = "1,2";
				VERSIONING_SYSTEM = "apple-generic";
				VERSION_INFO_PREFIX = "";
			};
			name = Debug;
		};
		55142FEF1EF43D2500DF9872 /* Release */ = {
			isa = XCBuildConfiguration;
			buildSettings = {
				CLANG_ENABLE_MODULES = YES;
				CODE_SIGN_IDENTITY = "";
				CURRENT_PROJECT_VERSION = 1;
				DEFINES_MODULE = YES;
				DEVELOPMENT_TEAM = LVYGD8LLE9;
				DYLIB_COMPATIBILITY_VERSION = 1;
				DYLIB_CURRENT_VERSION = 1;
				DYLIB_INSTALL_NAME_BASE = "@rpath";
				INFOPLIST_FILE = EverestmeterCore/Info.plist;
				INSTALL_PATH = "$(LOCAL_LIBRARY_DIR)/Frameworks";
				LD_RUNPATH_SEARCH_PATHS = "$(inherited) @executable_path/Frameworks @loader_path/Frameworks";
				PRODUCT_BUNDLE_IDENTIFIER = OCC.EverestmeterCore;
				PRODUCT_NAME = "$(TARGET_NAME)";
				SKIP_INSTALL = YES;
				SWIFT_VERSION = 4.0;
				TARGETED_DEVICE_FAMILY = "1,2";
				VERSIONING_SYSTEM = "apple-generic";
				VERSION_INFO_PREFIX = "";
			};
			name = Release;
		};
		55142FF21EF43D2500DF9872 /* Debug */ = {
			isa = XCBuildConfiguration;
			buildSettings = {
				ALWAYS_EMBED_SWIFT_STANDARD_LIBRARIES = YES;
				DEVELOPMENT_TEAM = LVYGD8LLE9;
				INFOPLIST_FILE = EverestmeterCore/InfoTests.plist;
				LD_RUNPATH_SEARCH_PATHS = "$(inherited) @executable_path/Frameworks @loader_path/Frameworks";
				PRODUCT_BUNDLE_IDENTIFIER = OCC.EverestmeterCoreTests;
				PRODUCT_NAME = "$(TARGET_NAME)";
				SWIFT_VERSION = 4.0;
				TEST_HOST = "$(BUILT_PRODUCTS_DIR)/Everestmeter.app/Everestmeter";
			};
			name = Debug;
		};
		55142FF31EF43D2500DF9872 /* Release */ = {
			isa = XCBuildConfiguration;
			buildSettings = {
				ALWAYS_EMBED_SWIFT_STANDARD_LIBRARIES = YES;
				DEVELOPMENT_TEAM = LVYGD8LLE9;
				INFOPLIST_FILE = EverestmeterCore/InfoTests.plist;
				LD_RUNPATH_SEARCH_PATHS = "$(inherited) @executable_path/Frameworks @loader_path/Frameworks";
				PRODUCT_BUNDLE_IDENTIFIER = OCC.EverestmeterCoreTests;
				PRODUCT_NAME = "$(TARGET_NAME)";
				SWIFT_VERSION = 4.0;
				TEST_HOST = "$(BUILT_PRODUCTS_DIR)/Everestmeter.app/Everestmeter";
			};
			name = Release;
		};
		55669F8A1F7E9D4B00BA7D83 /* Debug */ = {
			isa = XCBuildConfiguration;
			buildSettings = {
				ALWAYS_EMBED_SWIFT_STANDARD_LIBRARIES = YES;
				ASSETCATALOG_COMPILER_APPICON_NAME = AppIcon;
				CLANG_CXX_LANGUAGE_STANDARD = "gnu++14";
				CLANG_WARN_UNGUARDED_AVAILABILITY = YES_AGGRESSIVE;
				CODE_SIGN_STYLE = Automatic;
				DEVELOPMENT_TEAM = LVYGD8LLE9;
				GCC_C_LANGUAGE_STANDARD = gnu11;
				IBSC_MODULE = EverestmeterWatch_Extension;
				INFOPLIST_FILE = EverestmeterWatch/Info.plist;
				PRODUCT_BUNDLE_IDENTIFIER = OCC.Everestmeter.watchkitapp;
				PRODUCT_NAME = "$(TARGET_NAME)";
				SDKROOT = watchos;
				SKIP_INSTALL = YES;
				SWIFT_VERSION = 4.0;
				TARGETED_DEVICE_FAMILY = 4;
				WATCHOS_DEPLOYMENT_TARGET = 4.0;
			};
			name = Debug;
		};
		55669F8B1F7E9D4B00BA7D83 /* Release */ = {
			isa = XCBuildConfiguration;
			buildSettings = {
				ALWAYS_EMBED_SWIFT_STANDARD_LIBRARIES = YES;
				ASSETCATALOG_COMPILER_APPICON_NAME = AppIcon;
				CLANG_CXX_LANGUAGE_STANDARD = "gnu++14";
				CLANG_WARN_UNGUARDED_AVAILABILITY = YES_AGGRESSIVE;
				CODE_SIGN_STYLE = Automatic;
				DEVELOPMENT_TEAM = LVYGD8LLE9;
				GCC_C_LANGUAGE_STANDARD = gnu11;
				IBSC_MODULE = EverestmeterWatch_Extension;
				INFOPLIST_FILE = EverestmeterWatch/Info.plist;
				PRODUCT_BUNDLE_IDENTIFIER = OCC.Everestmeter.watchkitapp;
				PRODUCT_NAME = "$(TARGET_NAME)";
				SDKROOT = watchos;
				SKIP_INSTALL = YES;
				SWIFT_VERSION = 4.0;
				TARGETED_DEVICE_FAMILY = 4;
				WATCHOS_DEPLOYMENT_TARGET = 4.0;
			};
			name = Release;
		};
		55669F8C1F7E9D4B00BA7D83 /* Debug */ = {
			isa = XCBuildConfiguration;
			buildSettings = {
				ASSETCATALOG_COMPILER_COMPLICATION_NAME = Complication;
				CLANG_CXX_LANGUAGE_STANDARD = "gnu++14";
				CLANG_WARN_UNGUARDED_AVAILABILITY = YES_AGGRESSIVE;
				CODE_SIGN_STYLE = Automatic;
				DEVELOPMENT_TEAM = LVYGD8LLE9;
				GCC_C_LANGUAGE_STANDARD = gnu11;
				INFOPLIST_FILE = EverestmeterWatch/InfoExtension.plist;
				LD_RUNPATH_SEARCH_PATHS = "$(inherited) @executable_path/Frameworks @executable_path/../../Frameworks";
				PRODUCT_BUNDLE_IDENTIFIER = OCC.Everestmeter.watchkitapp.watchkitextension;
				PRODUCT_NAME = "${TARGET_NAME}";
				SDKROOT = watchos;
				SKIP_INSTALL = YES;
				SWIFT_VERSION = 4.0;
				TARGETED_DEVICE_FAMILY = 4;
				WATCHOS_DEPLOYMENT_TARGET = 4.0;
			};
			name = Debug;
		};
		55669F8D1F7E9D4B00BA7D83 /* Release */ = {
			isa = XCBuildConfiguration;
			buildSettings = {
				ASSETCATALOG_COMPILER_COMPLICATION_NAME = Complication;
				CLANG_CXX_LANGUAGE_STANDARD = "gnu++14";
				CLANG_WARN_UNGUARDED_AVAILABILITY = YES_AGGRESSIVE;
				CODE_SIGN_STYLE = Automatic;
				DEVELOPMENT_TEAM = LVYGD8LLE9;
				GCC_C_LANGUAGE_STANDARD = gnu11;
				INFOPLIST_FILE = EverestmeterWatch/InfoExtension.plist;
				LD_RUNPATH_SEARCH_PATHS = "$(inherited) @executable_path/Frameworks @executable_path/../../Frameworks";
				PRODUCT_BUNDLE_IDENTIFIER = OCC.Everestmeter.watchkitapp.watchkitextension;
				PRODUCT_NAME = "${TARGET_NAME}";
				SDKROOT = watchos;
				SKIP_INSTALL = YES;
				SWIFT_VERSION = 4.0;
				TARGETED_DEVICE_FAMILY = 4;
				WATCHOS_DEPLOYMENT_TARGET = 4.0;
			};
			name = Release;
		};
		55669FA11F7EA22E00BA7D83 /* Debug */ = {
			isa = XCBuildConfiguration;
			buildSettings = {
				CLANG_CXX_LANGUAGE_STANDARD = "gnu++14";
				CLANG_WARN_UNGUARDED_AVAILABILITY = YES_AGGRESSIVE;
				CODE_SIGN_IDENTITY = "iPhone Developer";
				CODE_SIGN_STYLE = Automatic;
				CURRENT_PROJECT_VERSION = 1;
				DEFINES_MODULE = YES;
				DEVELOPMENT_TEAM = LVYGD8LLE9;
				DYLIB_COMPATIBILITY_VERSION = 1;
				DYLIB_CURRENT_VERSION = 1;
				DYLIB_INSTALL_NAME_BASE = "@rpath";
				GCC_C_LANGUAGE_STANDARD = gnu11;
				INFOPLIST_FILE = EverestmeterShared/Info.plist;
				INSTALL_PATH = "$(LOCAL_LIBRARY_DIR)/Frameworks";
				LD_RUNPATH_SEARCH_PATHS = "$(inherited) @executable_path/Frameworks @loader_path/Frameworks";
				PRODUCT_BUNDLE_IDENTIFIER = com.occ.EverestmeterShared;
				PRODUCT_NAME = "$(TARGET_NAME:c99extidentifier)";
				SKIP_INSTALL = YES;
				SWIFT_VERSION = 4.0;
				TARGETED_DEVICE_FAMILY = "1,2";
				VERSIONING_SYSTEM = "apple-generic";
				VERSION_INFO_PREFIX = "";
			};
			name = Debug;
		};
		55669FA21F7EA22E00BA7D83 /* Release */ = {
			isa = XCBuildConfiguration;
			buildSettings = {
				CLANG_CXX_LANGUAGE_STANDARD = "gnu++14";
				CLANG_WARN_UNGUARDED_AVAILABILITY = YES_AGGRESSIVE;
				CODE_SIGN_IDENTITY = "iPhone Developer";
				CODE_SIGN_STYLE = Automatic;
				CURRENT_PROJECT_VERSION = 1;
				DEFINES_MODULE = YES;
				DEVELOPMENT_TEAM = LVYGD8LLE9;
				DYLIB_COMPATIBILITY_VERSION = 1;
				DYLIB_CURRENT_VERSION = 1;
				DYLIB_INSTALL_NAME_BASE = "@rpath";
				GCC_C_LANGUAGE_STANDARD = gnu11;
				INFOPLIST_FILE = EverestmeterShared/Info.plist;
				INSTALL_PATH = "$(LOCAL_LIBRARY_DIR)/Frameworks";
				LD_RUNPATH_SEARCH_PATHS = "$(inherited) @executable_path/Frameworks @loader_path/Frameworks";
				PRODUCT_BUNDLE_IDENTIFIER = com.occ.EverestmeterShared;
				PRODUCT_NAME = "$(TARGET_NAME:c99extidentifier)";
				SKIP_INSTALL = YES;
				SWIFT_VERSION = 4.0;
				TARGETED_DEVICE_FAMILY = "1,2";
				VERSIONING_SYSTEM = "apple-generic";
				VERSION_INFO_PREFIX = "";
			};
			name = Release;
		};
		55669FB21F7EA25800BA7D83 /* Debug */ = {
			isa = XCBuildConfiguration;
			buildSettings = {
				APPLICATION_EXTENSION_API_ONLY = YES;
				CLANG_CXX_LANGUAGE_STANDARD = "gnu++14";
				CLANG_WARN_UNGUARDED_AVAILABILITY = YES_AGGRESSIVE;
				CODE_SIGN_IDENTITY = "";
				CODE_SIGN_STYLE = Automatic;
				CURRENT_PROJECT_VERSION = 1;
				DEFINES_MODULE = YES;
				DEVELOPMENT_TEAM = LVYGD8LLE9;
				DYLIB_COMPATIBILITY_VERSION = 1;
				DYLIB_CURRENT_VERSION = 1;
				DYLIB_INSTALL_NAME_BASE = "@rpath";
				GCC_C_LANGUAGE_STANDARD = gnu11;
				INFOPLIST_FILE = EverestmeterShared/InfoWatch.plist;
				INSTALL_PATH = "$(LOCAL_LIBRARY_DIR)/Frameworks";
				LD_RUNPATH_SEARCH_PATHS = "$(inherited) @executable_path/Frameworks @loader_path/Frameworks";
				PRODUCT_BUNDLE_IDENTIFIER = com.occ.EverestmeterWatchShared;
				PRODUCT_NAME = "$(TARGET_NAME:c99extidentifier)";
				SDKROOT = watchos;
				SKIP_INSTALL = YES;
				SWIFT_VERSION = 4.0;
				TARGETED_DEVICE_FAMILY = 4;
				VERSIONING_SYSTEM = "apple-generic";
				VERSION_INFO_PREFIX = "";
				WATCHOS_DEPLOYMENT_TARGET = 4.0;
			};
			name = Debug;
		};
		55669FB31F7EA25800BA7D83 /* Release */ = {
			isa = XCBuildConfiguration;
			buildSettings = {
				APPLICATION_EXTENSION_API_ONLY = YES;
				CLANG_CXX_LANGUAGE_STANDARD = "gnu++14";
				CLANG_WARN_UNGUARDED_AVAILABILITY = YES_AGGRESSIVE;
				CODE_SIGN_IDENTITY = "";
				CODE_SIGN_STYLE = Automatic;
				CURRENT_PROJECT_VERSION = 1;
				DEFINES_MODULE = YES;
				DEVELOPMENT_TEAM = LVYGD8LLE9;
				DYLIB_COMPATIBILITY_VERSION = 1;
				DYLIB_CURRENT_VERSION = 1;
				DYLIB_INSTALL_NAME_BASE = "@rpath";
				GCC_C_LANGUAGE_STANDARD = gnu11;
				INFOPLIST_FILE = EverestmeterShared/InfoWatch.plist;
				INSTALL_PATH = "$(LOCAL_LIBRARY_DIR)/Frameworks";
				LD_RUNPATH_SEARCH_PATHS = "$(inherited) @executable_path/Frameworks @loader_path/Frameworks";
				PRODUCT_BUNDLE_IDENTIFIER = com.occ.EverestmeterWatchShared;
				PRODUCT_NAME = "$(TARGET_NAME:c99extidentifier)";
				SDKROOT = watchos;
				SKIP_INSTALL = YES;
				SWIFT_VERSION = 4.0;
				TARGETED_DEVICE_FAMILY = 4;
				VERSIONING_SYSTEM = "apple-generic";
				VERSION_INFO_PREFIX = "";
				WATCHOS_DEPLOYMENT_TARGET = 4.0;
			};
			name = Release;
		};
		55669FC41F7EA28300BA7D83 /* Debug */ = {
			isa = XCBuildConfiguration;
			buildSettings = {
				APPLICATION_EXTENSION_API_ONLY = YES;
				CLANG_CXX_LANGUAGE_STANDARD = "gnu++14";
				CLANG_WARN_UNGUARDED_AVAILABILITY = YES_AGGRESSIVE;
				CODE_SIGN_IDENTITY = "";
				CODE_SIGN_STYLE = Automatic;
				CURRENT_PROJECT_VERSION = 1;
				DEFINES_MODULE = YES;
				DEVELOPMENT_TEAM = LVYGD8LLE9;
				DYLIB_COMPATIBILITY_VERSION = 1;
				DYLIB_CURRENT_VERSION = 1;
				DYLIB_INSTALL_NAME_BASE = "@rpath";
				GCC_C_LANGUAGE_STANDARD = gnu11;
				INFOPLIST_FILE = EverestmeterCore/InfoWatch.plist;
				INSTALL_PATH = "$(LOCAL_LIBRARY_DIR)/Frameworks";
				LD_RUNPATH_SEARCH_PATHS = "$(inherited) @executable_path/Frameworks @loader_path/Frameworks";
				PRODUCT_BUNDLE_IDENTIFIER = com.occ.EverestmeterWatchCore;
				PRODUCT_NAME = "$(TARGET_NAME:c99extidentifier)";
				SDKROOT = watchos;
				SKIP_INSTALL = YES;
				SWIFT_VERSION = 4.0;
				TARGETED_DEVICE_FAMILY = 4;
				VERSIONING_SYSTEM = "apple-generic";
				VERSION_INFO_PREFIX = "";
				WATCHOS_DEPLOYMENT_TARGET = 4.0;
			};
			name = Debug;
		};
		55669FC51F7EA28300BA7D83 /* Release */ = {
			isa = XCBuildConfiguration;
			buildSettings = {
				APPLICATION_EXTENSION_API_ONLY = YES;
				CLANG_CXX_LANGUAGE_STANDARD = "gnu++14";
				CLANG_WARN_UNGUARDED_AVAILABILITY = YES_AGGRESSIVE;
				CODE_SIGN_IDENTITY = "";
				CODE_SIGN_STYLE = Automatic;
				CURRENT_PROJECT_VERSION = 1;
				DEFINES_MODULE = YES;
				DEVELOPMENT_TEAM = LVYGD8LLE9;
				DYLIB_COMPATIBILITY_VERSION = 1;
				DYLIB_CURRENT_VERSION = 1;
				DYLIB_INSTALL_NAME_BASE = "@rpath";
				GCC_C_LANGUAGE_STANDARD = gnu11;
				INFOPLIST_FILE = EverestmeterCore/InfoWatch.plist;
				INSTALL_PATH = "$(LOCAL_LIBRARY_DIR)/Frameworks";
				LD_RUNPATH_SEARCH_PATHS = "$(inherited) @executable_path/Frameworks @loader_path/Frameworks";
				PRODUCT_BUNDLE_IDENTIFIER = com.occ.EverestmeterWatchCore;
				PRODUCT_NAME = "$(TARGET_NAME:c99extidentifier)";
				SDKROOT = watchos;
				SKIP_INSTALL = YES;
				SWIFT_VERSION = 4.0;
				TARGETED_DEVICE_FAMILY = 4;
				VERSIONING_SYSTEM = "apple-generic";
				VERSION_INFO_PREFIX = "";
				WATCHOS_DEPLOYMENT_TARGET = 4.0;
			};
			name = Release;
		};
		556BCC221F1CE8F20048F34B /* Debug */ = {
			isa = XCBuildConfiguration;
			buildSettings = {
				CODE_SIGN_IDENTITY = "-";
				COMBINE_HIDPI_IMAGES = YES;
				CURRENT_PROJECT_VERSION = 1;
				DEFINES_MODULE = YES;
				DEVELOPMENT_TEAM = LVYGD8LLE9;
				DYLIB_COMPATIBILITY_VERSION = 1;
				DYLIB_CURRENT_VERSION = 1;
				DYLIB_INSTALL_NAME_BASE = "@rpath";
				FRAMEWORK_VERSION = A;
				INFOPLIST_FILE = EverestmeterCore/InfoDesktop.plist;
				INSTALL_PATH = "$(LOCAL_LIBRARY_DIR)/Frameworks";
				LD_RUNPATH_SEARCH_PATHS = "$(inherited) @executable_path/../Frameworks @loader_path/Frameworks";
				MACOSX_DEPLOYMENT_TARGET = 10.12;
				PRODUCT_BUNDLE_IDENTIFIER = com.occ.EverestmeterDesktop;
				PRODUCT_NAME = "$(TARGET_NAME)";
				SDKROOT = macosx;
				SKIP_INSTALL = YES;
				SWIFT_SWIFT3_OBJC_INFERENCE = On;
				SWIFT_VERSION = 4.0;
				VERSIONING_SYSTEM = "apple-generic";
				VERSION_INFO_PREFIX = "";
			};
			name = Debug;
		};
		556BCC231F1CE8F20048F34B /* Release */ = {
			isa = XCBuildConfiguration;
			buildSettings = {
				CODE_SIGN_IDENTITY = "-";
				COMBINE_HIDPI_IMAGES = YES;
				CURRENT_PROJECT_VERSION = 1;
				DEFINES_MODULE = YES;
				DEVELOPMENT_TEAM = LVYGD8LLE9;
				DYLIB_COMPATIBILITY_VERSION = 1;
				DYLIB_CURRENT_VERSION = 1;
				DYLIB_INSTALL_NAME_BASE = "@rpath";
				FRAMEWORK_VERSION = A;
				INFOPLIST_FILE = EverestmeterCore/InfoDesktop.plist;
				INSTALL_PATH = "$(LOCAL_LIBRARY_DIR)/Frameworks";
				LD_RUNPATH_SEARCH_PATHS = "$(inherited) @executable_path/../Frameworks @loader_path/Frameworks";
				MACOSX_DEPLOYMENT_TARGET = 10.12;
				PRODUCT_BUNDLE_IDENTIFIER = com.occ.EverestmeterDesktop;
				PRODUCT_NAME = "$(TARGET_NAME)";
				SDKROOT = macosx;
				SKIP_INSTALL = YES;
				SWIFT_SWIFT3_OBJC_INFERENCE = On;
				SWIFT_VERSION = 4.0;
				VERSIONING_SYSTEM = "apple-generic";
				VERSION_INFO_PREFIX = "";
			};
			name = Release;
		};
		556BCC251F1CE8F20048F34B /* Debug */ = {
			isa = XCBuildConfiguration;
			buildSettings = {
				ALWAYS_EMBED_SWIFT_STANDARD_LIBRARIES = YES;
				CODE_SIGN_IDENTITY = "-";
				COMBINE_HIDPI_IMAGES = YES;
				DEVELOPMENT_TEAM = LVYGD8LLE9;
				INFOPLIST_FILE = EverestmeterCore/InfoDesktopTests.plist;
				LD_RUNPATH_SEARCH_PATHS = "$(inherited) @executable_path/../Frameworks @loader_path/../Frameworks";
				MACOSX_DEPLOYMENT_TARGET = 10.12;
				PRODUCT_BUNDLE_IDENTIFIER = com.occ.EverestmeterDesktopTests;
				PRODUCT_NAME = "$(TARGET_NAME)";
				SDKROOT = macosx;
				SWIFT_SWIFT3_OBJC_INFERENCE = On;
				SWIFT_VERSION = 4.0;
			};
			name = Debug;
		};
		556BCC261F1CE8F20048F34B /* Release */ = {
			isa = XCBuildConfiguration;
			buildSettings = {
				ALWAYS_EMBED_SWIFT_STANDARD_LIBRARIES = YES;
				CODE_SIGN_IDENTITY = "-";
				COMBINE_HIDPI_IMAGES = YES;
				DEVELOPMENT_TEAM = LVYGD8LLE9;
				INFOPLIST_FILE = EverestmeterCore/InfoDesktopTests.plist;
				LD_RUNPATH_SEARCH_PATHS = "$(inherited) @executable_path/../Frameworks @loader_path/../Frameworks";
				MACOSX_DEPLOYMENT_TARGET = 10.12;
				PRODUCT_BUNDLE_IDENTIFIER = com.occ.EverestmeterDesktopTests;
				PRODUCT_NAME = "$(TARGET_NAME)";
				SDKROOT = macosx;
				SWIFT_SWIFT3_OBJC_INFERENCE = On;
				SWIFT_VERSION = 4.0;
			};
			name = Release;
		};
/* End XCBuildConfiguration section */

/* Begin XCConfigurationList section */
		55142F9B1EF43C9900DF9872 /* Build configuration list for PBXProject "Everestmeter" */ = {
			isa = XCConfigurationList;
			buildConfigurations = (
				55142FC61EF43C9900DF9872 /* Debug */,
				55142FC71EF43C9900DF9872 /* Release */,
			);
			defaultConfigurationIsVisible = 0;
			defaultConfigurationName = Release;
		};
		55142FC81EF43C9900DF9872 /* Build configuration list for PBXNativeTarget "Everestmeter" */ = {
			isa = XCConfigurationList;
			buildConfigurations = (
				55142FC91EF43C9900DF9872 /* Debug */,
				55142FCA1EF43C9900DF9872 /* Release */,
			);
			defaultConfigurationIsVisible = 0;
			defaultConfigurationName = Release;
		};
		55142FCE1EF43C9900DF9872 /* Build configuration list for PBXNativeTarget "EverestmeterUITests" */ = {
			isa = XCConfigurationList;
			buildConfigurations = (
				55142FCF1EF43C9900DF9872 /* Debug */,
				55142FD01EF43C9900DF9872 /* Release */,
			);
			defaultConfigurationIsVisible = 0;
			defaultConfigurationName = Release;
		};
		55142FED1EF43D2500DF9872 /* Build configuration list for PBXNativeTarget "EverestmeterCore" */ = {
			isa = XCConfigurationList;
			buildConfigurations = (
				55142FEE1EF43D2500DF9872 /* Debug */,
				55142FEF1EF43D2500DF9872 /* Release */,
			);
			defaultConfigurationIsVisible = 0;
			defaultConfigurationName = Release;
		};
		55142FF11EF43D2500DF9872 /* Build configuration list for PBXNativeTarget "EverestmeterCoreTests" */ = {
			isa = XCConfigurationList;
			buildConfigurations = (
				55142FF21EF43D2500DF9872 /* Debug */,
				55142FF31EF43D2500DF9872 /* Release */,
			);
			defaultConfigurationIsVisible = 0;
			defaultConfigurationName = Release;
		};
		55669F8E1F7E9D4B00BA7D83 /* Build configuration list for PBXNativeTarget "EverestmeterWatchExtension" */ = {
			isa = XCConfigurationList;
			buildConfigurations = (
				55669F8C1F7E9D4B00BA7D83 /* Debug */,
				55669F8D1F7E9D4B00BA7D83 /* Release */,
			);
			defaultConfigurationIsVisible = 0;
			defaultConfigurationName = Release;
		};
		55669F901F7E9D4B00BA7D83 /* Build configuration list for PBXNativeTarget "EverestmeterWatch" */ = {
			isa = XCConfigurationList;
			buildConfigurations = (
				55669F8A1F7E9D4B00BA7D83 /* Debug */,
				55669F8B1F7E9D4B00BA7D83 /* Release */,
			);
			defaultConfigurationIsVisible = 0;
			defaultConfigurationName = Release;
		};
		55669FA01F7EA22E00BA7D83 /* Build configuration list for PBXNativeTarget "EverestmeterShared" */ = {
			isa = XCConfigurationList;
			buildConfigurations = (
				55669FA11F7EA22E00BA7D83 /* Debug */,
				55669FA21F7EA22E00BA7D83 /* Release */,
			);
			defaultConfigurationIsVisible = 0;
			defaultConfigurationName = Release;
		};
		55669FB11F7EA25800BA7D83 /* Build configuration list for PBXNativeTarget "EverestmeterWatchShared" */ = {
			isa = XCConfigurationList;
			buildConfigurations = (
				55669FB21F7EA25800BA7D83 /* Debug */,
				55669FB31F7EA25800BA7D83 /* Release */,
			);
			defaultConfigurationIsVisible = 0;
			defaultConfigurationName = Release;
		};
		55669FC31F7EA28300BA7D83 /* Build configuration list for PBXNativeTarget "EverestmeterWatchCore" */ = {
			isa = XCConfigurationList;
			buildConfigurations = (
				55669FC41F7EA28300BA7D83 /* Debug */,
				55669FC51F7EA28300BA7D83 /* Release */,
			);
			defaultConfigurationIsVisible = 0;
			defaultConfigurationName = Release;
		};
		556BCC211F1CE8F20048F34B /* Build configuration list for PBXNativeTarget "EverestmeterDesktop" */ = {
			isa = XCConfigurationList;
			buildConfigurations = (
				556BCC221F1CE8F20048F34B /* Debug */,
				556BCC231F1CE8F20048F34B /* Release */,
			);
			defaultConfigurationIsVisible = 0;
			defaultConfigurationName = Release;
		};
		556BCC241F1CE8F20048F34B /* Build configuration list for PBXNativeTarget "EverestmeterDesktopTests" */ = {
			isa = XCConfigurationList;
			buildConfigurations = (
				556BCC251F1CE8F20048F34B /* Debug */,
				556BCC261F1CE8F20048F34B /* Release */,
			);
			defaultConfigurationIsVisible = 0;
			defaultConfigurationName = Release;
		};
/* End XCConfigurationList section */
	};
	rootObject = 55142F981EF43C9900DF9872 /* Project object */;
}
